lockfileVersion: '6.0'

settings:
  autoInstallPeers: true
  excludeLinksFromLockfile: false

dependencies:
  '@eye-share/flex-framework':
    specifier: 0.4.40
    version: 0.4.40
  '@eye-share/shared':
    specifier: 0.3.118
    version: 0.3.118
  '@eye-share/web-components':
    specifier: 0.3.153
    version: 0.3.153(@loken/hierarchies@0.8.0)(@loken/utilities@0.7.8)(@types/markdown-it@14.1.2)
  lit:
    specifier: ^3.3.2
    version: 3.3.2
  reflect-metadata:
    specifier: ^0.2.2
    version: 0.2.2
  tslib:
    specifier: ^2.8.1
    version: 2.8.1

devDependencies:
  '@arcmantle/vite-plugin-copy':
    specifier: ^1.0.3
    version: 1.0.3
  '@eye-share/tsconfig':
    specifier: 0.1.35
    version: 0.1.35
  typescript:
    specifier: 5.9.3
    version: 5.9.3
  vite:
    specifier: ^7.3.1
    version: 7.3.1

packages:

  /@arcmantle/vite-plugin-copy@1.0.3:
    resolution: {integrity: sha512-1xUXvD6u3VSO7rTR3Ec4tjahTiIr8eVAkE9jHCbmjCAUxbG6jcCwIwYgdZcZ7Y6SkMaCtRH2h+lEoEUMkIbwnw==}
    engines: {node: '>=22'}
    dependencies:
      fs-extra: 11.3.3
      globby: 14.1.0
    dev: true

  /@esbuild/aix-ppc64@0.27.3:
    resolution: {integrity: sha512-9fJMTNFTWZMh5qwrBItuziu834eOCUcEqymSH7pY+zoMVEZg3gcPuBNxH1EvfVYe9h0x/Ptw8KBzv7qxb7l8dg==}
    engines: {node: '>=18'}
    cpu: [ppc64]
    os: [aix]
    requiresBuild: true
    dev: true
    optional: true

  /@esbuild/android-arm64@0.27.3:
    resolution: {integrity: sha512-YdghPYUmj/FX2SYKJ0OZxf+iaKgMsKHVPF1MAq/P8WirnSpCStzKJFjOjzsW0QQ7oIAiccHdcqjbHmJxRb/dmg==}
    engines: {node: '>=18'}
    cpu: [arm64]
    os: [android]
    requiresBuild: true
    dev: true
    optional: true

  /@esbuild/android-arm@0.27.3:
    resolution: {integrity: sha512-i5D1hPY7GIQmXlXhs2w8AWHhenb00+GxjxRncS2ZM7YNVGNfaMxgzSGuO8o8SJzRc/oZwU2bcScvVERk03QhzA==}
    engines: {node: '>=18'}
    cpu: [arm]
    os: [android]
    requiresBuild: true
    dev: true
    optional: true

  /@esbuild/android-x64@0.27.3:
    resolution: {integrity: sha512-IN/0BNTkHtk8lkOM8JWAYFg4ORxBkZQf9zXiEOfERX/CzxW3Vg1ewAhU7QSWQpVIzTW+b8Xy+lGzdYXV6UZObQ==}
    engines: {node: '>=18'}
    cpu: [x64]
    os: [android]
    requiresBuild: true
    dev: true
    optional: true

  /@esbuild/darwin-arm64@0.27.3:
    resolution: {integrity: sha512-Re491k7ByTVRy0t3EKWajdLIr0gz2kKKfzafkth4Q8A5n1xTHrkqZgLLjFEHVD+AXdUGgQMq+Godfq45mGpCKg==}
    engines: {node: '>=18'}
    cpu: [arm64]
    os: [darwin]
    requiresBuild: true
    dev: true
    optional: true

  /@esbuild/darwin-x64@0.27.3:
    resolution: {integrity: sha512-vHk/hA7/1AckjGzRqi6wbo+jaShzRowYip6rt6q7VYEDX4LEy1pZfDpdxCBnGtl+A5zq8iXDcyuxwtv3hNtHFg==}
    engines: {node: '>=18'}
    cpu: [x64]
    os: [darwin]
    requiresBuild: true
    dev: true
    optional: true

  /@esbuild/freebsd-arm64@0.27.3:
    resolution: {integrity: sha512-ipTYM2fjt3kQAYOvo6vcxJx3nBYAzPjgTCk7QEgZG8AUO3ydUhvelmhrbOheMnGOlaSFUoHXB6un+A7q4ygY9w==}
    engines: {node: '>=18'}
    cpu: [arm64]
    os: [freebsd]
    requiresBuild: true
    dev: true
    optional: true

  /@esbuild/freebsd-x64@0.27.3:
    resolution: {integrity: sha512-dDk0X87T7mI6U3K9VjWtHOXqwAMJBNN2r7bejDsc+j03SEjtD9HrOl8gVFByeM0aJksoUuUVU9TBaZa2rgj0oA==}
    engines: {node: '>=18'}
    cpu: [x64]
    os: [freebsd]
    requiresBuild: true
    dev: true
    optional: true

  /@esbuild/linux-arm64@0.27.3:
    resolution: {integrity: sha512-sZOuFz/xWnZ4KH3YfFrKCf1WyPZHakVzTiqji3WDc0BCl2kBwiJLCXpzLzUBLgmp4veFZdvN5ChW4Eq/8Fc2Fg==}
    engines: {node: '>=18'}
    cpu: [arm64]
    os: [linux]
    requiresBuild: true
    dev: true
    optional: true

  /@esbuild/linux-arm@0.27.3:
    resolution: {integrity: sha512-s6nPv2QkSupJwLYyfS+gwdirm0ukyTFNl3KTgZEAiJDd+iHZcbTPPcWCcRYH+WlNbwChgH2QkE9NSlNrMT8Gfw==}
    engines: {node: '>=18'}
    cpu: [arm]
    os: [linux]
    requiresBuild: true
    dev: true
    optional: true

  /@esbuild/linux-ia32@0.27.3:
    resolution: {integrity: sha512-yGlQYjdxtLdh0a3jHjuwOrxQjOZYD/C9PfdbgJJF3TIZWnm/tMd/RcNiLngiu4iwcBAOezdnSLAwQDPqTmtTYg==}
    engines: {node: '>=18'}
    cpu: [ia32]
    os: [linux]
    requiresBuild: true
    dev: true
    optional: true

  /@esbuild/linux-loong64@0.27.3:
    resolution: {integrity: sha512-WO60Sn8ly3gtzhyjATDgieJNet/KqsDlX5nRC5Y3oTFcS1l0KWba+SEa9Ja1GfDqSF1z6hif/SkpQJbL63cgOA==}
    engines: {node: '>=18'}
    cpu: [loong64]
    os: [linux]
    requiresBuild: true
    dev: true
    optional: true

  /@esbuild/linux-mips64el@0.27.3:
    resolution: {integrity: sha512-APsymYA6sGcZ4pD6k+UxbDjOFSvPWyZhjaiPyl/f79xKxwTnrn5QUnXR5prvetuaSMsb4jgeHewIDCIWljrSxw==}
    engines: {node: '>=18'}
    cpu: [mips64el]
    os: [linux]
    requiresBuild: true
    dev: true
    optional: true

  /@esbuild/linux-ppc64@0.27.3:
    resolution: {integrity: sha512-eizBnTeBefojtDb9nSh4vvVQ3V9Qf9Df01PfawPcRzJH4gFSgrObw+LveUyDoKU3kxi5+9RJTCWlj4FjYXVPEA==}
    engines: {node: '>=18'}
    cpu: [ppc64]
    os: [linux]
    requiresBuild: true
    dev: true
    optional: true

  /@esbuild/linux-riscv64@0.27.3:
    resolution: {integrity: sha512-3Emwh0r5wmfm3ssTWRQSyVhbOHvqegUDRd0WhmXKX2mkHJe1SFCMJhagUleMq+Uci34wLSipf8Lagt4LlpRFWQ==}
    engines: {node: '>=18'}
    cpu: [riscv64]
    os: [linux]
    requiresBuild: true
    dev: true
    optional: true

  /@esbuild/linux-s390x@0.27.3:
    resolution: {integrity: sha512-pBHUx9LzXWBc7MFIEEL0yD/ZVtNgLytvx60gES28GcWMqil8ElCYR4kvbV2BDqsHOvVDRrOxGySBM9Fcv744hw==}
    engines: {node: '>=18'}
    cpu: [s390x]
    os: [linux]
    requiresBuild: true
    dev: true
    optional: true

  /@esbuild/linux-x64@0.27.3:
    resolution: {integrity: sha512-Czi8yzXUWIQYAtL/2y6vogER8pvcsOsk5cpwL4Gk5nJqH5UZiVByIY8Eorm5R13gq+DQKYg0+JyQoytLQas4dA==}
    engines: {node: '>=18'}
    cpu: [x64]
    os: [linux]
    requiresBuild: true
    dev: true
    optional: true

  /@esbuild/netbsd-arm64@0.27.3:
    resolution: {integrity: sha512-sDpk0RgmTCR/5HguIZa9n9u+HVKf40fbEUt+iTzSnCaGvY9kFP0YKBWZtJaraonFnqef5SlJ8/TiPAxzyS+UoA==}
    engines: {node: '>=18'}
    cpu: [arm64]
    os: [netbsd]
    requiresBuild: true
    dev: true
    optional: true

  /@esbuild/netbsd-x64@0.27.3:
    resolution: {integrity: sha512-P14lFKJl/DdaE00LItAukUdZO5iqNH7+PjoBm+fLQjtxfcfFE20Xf5CrLsmZdq5LFFZzb5JMZ9grUwvtVYzjiA==}
    engines: {node: '>=18'}
    cpu: [x64]
    os: [netbsd]
    requiresBuild: true
    dev: true
    optional: true

  /@esbuild/openbsd-arm64@0.27.3:
    resolution: {integrity: sha512-AIcMP77AvirGbRl/UZFTq5hjXK+2wC7qFRGoHSDrZ5v5b8DK/GYpXW3CPRL53NkvDqb9D+alBiC/dV0Fb7eJcw==}
    engines: {node: '>=18'}
    cpu: [arm64]
    os: [openbsd]
    requiresBuild: true
    dev: true
    optional: true

  /@esbuild/openbsd-x64@0.27.3:
    resolution: {integrity: sha512-DnW2sRrBzA+YnE70LKqnM3P+z8vehfJWHXECbwBmH/CU51z6FiqTQTHFenPlHmo3a8UgpLyH3PT+87OViOh1AQ==}
    engines: {node: '>=18'}
    cpu: [x64]
    os: [openbsd]
    requiresBuild: true
    dev: true
    optional: true

  /@esbuild/openharmony-arm64@0.27.3:
    resolution: {integrity: sha512-NinAEgr/etERPTsZJ7aEZQvvg/A6IsZG/LgZy+81wON2huV7SrK3e63dU0XhyZP4RKGyTm7aOgmQk0bGp0fy2g==}
    engines: {node: '>=18'}
    cpu: [arm64]
    os: [openharmony]
    requiresBuild: true
    dev: true
    optional: true

  /@esbuild/sunos-x64@0.27.3:
    resolution: {integrity: sha512-PanZ+nEz+eWoBJ8/f8HKxTTD172SKwdXebZ0ndd953gt1HRBbhMsaNqjTyYLGLPdoWHy4zLU7bDVJztF5f3BHA==}
    engines: {node: '>=18'}
    cpu: [x64]
    os: [sunos]
    requiresBuild: true
    dev: true
    optional: true

  /@esbuild/win32-arm64@0.27.3:
    resolution: {integrity: sha512-B2t59lWWYrbRDw/tjiWOuzSsFh1Y/E95ofKz7rIVYSQkUYBjfSgf6oeYPNWHToFRr2zx52JKApIcAS/D5TUBnA==}
    engines: {node: '>=18'}
    cpu: [arm64]
    os: [win32]
    requiresBuild: true
    dev: true
    optional: true

  /@esbuild/win32-ia32@0.27.3:
    resolution: {integrity: sha512-QLKSFeXNS8+tHW7tZpMtjlNb7HKau0QDpwm49u0vUp9y1WOF+PEzkU84y9GqYaAVW8aH8f3GcBck26jh54cX4Q==}
    engines: {node: '>=18'}
    cpu: [ia32]
    os: [win32]
    requiresBuild: true
    dev: true
    optional: true

  /@esbuild/win32-x64@0.27.3:
    resolution: {integrity: sha512-4uJGhsxuptu3OcpVAzli+/gWusVGwZZHTlS63hh++ehExkVT8SgiEf7/uC/PclrPPkLhZqGgCTjd0VWLo6xMqA==}
    engines: {node: '>=18'}
    cpu: [x64]
    os: [win32]
    requiresBuild: true
    dev: true
    optional: true

  /@eye-share/flex-framework@0.4.40:
    resolution: {integrity: sha512-BuKGN2TvRKojfM1GgdY4tnPhsZkR8ozVmEXNF4JWVxf1NYHWmnlD5p26WG5L4vBfn5aL+8z0hqxIQJrUoITcGA==, tarball: https://npm.pkg.github.com/download/@eye-share/flex-framework/0.4.40/0c16b64931abc10d00114a784f4d5b007170fae0}
    engines: {node: '>=22.1.0'}
    dependencies:
      '@eye-share/shared': 0.3.118
      '@eye-share/signal-element': 0.4.27(@eye-share/shared@0.3.118)(lit@3.3.2)
      lit: 3.3.2
      tslib: 2.8.1
      urlpattern-polyfill: 10.1.0
    dev: false

  /@eye-share/icons@1.0.5:
    resolution: {integrity: sha512-HVQ3p/qb4g01TVp5pM3aFHL0/st178KAayAzpddd8QN4yNMISa4EnbqiCk8kTkhfj5g0SsKjT6gFjSliYVy+tA==, tarball: https://npm.pkg.github.com/download/@eye-share/icons/1.0.5/fbde75384ebd41b1f618c2f8c8103ee4ac2e0c96}
    engines: {node: '>=20.10.0'}
    dev: false

  /@eye-share/shared@0.3.118:
    resolution: {integrity: sha512-E0WmSz7R6yqM5lp+d7RYpCQjZ1Xwr37M7edga5QOTad4ilRUSS9UpOvA2zoimvGurMmzdP3+mZSwuCxQPBoBtQ==, tarball: https://npm.pkg.github.com/download/@eye-share/shared/0.3.118/42e10699c6135b48f04534f659d56c637efd8017}
    engines: {node: '>=20.10.0'}
    dependencies:
      '@lukeed/uuid': 2.0.1
      '@preact/signals-core': 1.13.0
      deepmerge-ts: 7.1.5
      fast-equals: 5.4.0
      nanoid: 5.1.6
      temporal-polyfill: 0.3.0
      ts-toolbelt: 9.6.0
      tslib: 2.8.1
    dev: false

  /@eye-share/signal-element@0.4.27(@eye-share/shared@0.3.118)(lit@3.3.2):
    resolution: {integrity: sha512-T5f2PF9+GOf3CLSN4Fw8wyxk+tXxqmQ0h9DJp3DXP5bsP9KNU8qB2Ry8q9lYZIOnbIvx+Uv7HTLEzfsk/IMvNQ==, tarball: https://npm.pkg.github.com/download/@eye-share/signal-element/0.4.27/a91a369cf2066478f80bfabc91a2c4db71c5e41f}
    peerDependencies:
      '@eye-share/shared': ^0.3.84
      lit: ^3.3.1
    dependencies:
      '@eye-share/shared': 0.3.118
      lit: 3.3.2
    dev: false

  /@eye-share/tsconfig@0.1.35:
    resolution: {integrity: sha512-D//f6V4N/cpgnb/pDQy4s9XC3MCSlyXsevDgxdSUfLdhhs7tgm38kaXrHwEC6y3qeJfaiu/fzezP556q529QOA==, tarball: https://npm.pkg.github.com/download/@eye-share/tsconfig/0.1.35/336d45a38c1a05994a2a531e073ab7417e6a2706}
    engines: {node: '>=20.10.0'}
    dev: true

  /@eye-share/web-components@0.3.153(@loken/hierarchies@0.8.0)(@loken/utilities@0.7.8)(@types/markdown-it@14.1.2):
    resolution: {integrity: sha512-jxW3mrjT5Mrucq28FFSD3AAOsIv3zy5nnPQewlhywvwR7gz8eJepslWFFy/ZoCyDhtFaS76CekqE5L4ZKPDQyw==, tarball: https://npm.pkg.github.com/download/@eye-share/web-components/0.3.153/cd844bc560e07a9640671c85b59d07ea6a8ac693}
    engines: {node: '>=24.0.0'}
    peerDependencies:
      '@loken/hierarchies': ^0.8.0
      '@loken/utilities': ^0.7.8
    dependencies:
      '@eye-share/icons': 1.0.5
      '@eye-share/shared': 0.3.118
      '@eye-share/signal-element': 0.4.27(@eye-share/shared@0.3.118)(lit@3.3.2)
      '@floating-ui/core': 1.7.4
      '@floating-ui/dom': 1.7.5
      '@lit-labs/observers': 2.1.0
      '@loken/hierarchies': 0.8.0
      '@loken/utilities': 0.7.8
      '@sindresorhus/slugify': 3.0.0
      color: 5.0.3
      highlight.js: 11.11.1
      lit: 3.3.2
      markdown-it: 14.1.1
      markdown-it-anchor: 9.2.0(@types/markdown-it@14.1.2)(markdown-it@14.1.1)
      tabbable: 6.4.0
      ts-pattern: 5.9.0
      tslib: 2.8.1
    transitivePeerDependencies:
      - '@types/markdown-it'
    dev: false

  /@floating-ui/core@1.7.4:
    resolution: {integrity: sha512-C3HlIdsBxszvm5McXlB8PeOEWfBhcGBTZGkGlWc2U0KFY5IwG5OQEuQ8rq52DZmcHDlPLd+YFBK+cZcytwIFWg==}
    dependencies:
      '@floating-ui/utils': 0.2.10
    dev: false

  /@floating-ui/dom@1.7.5:
    resolution: {integrity: sha512-N0bD2kIPInNHUHehXhMke1rBGs1dwqvC9O9KYMyyjK7iXt7GAhnro7UlcuYcGdS/yYOlq0MAVgrow8IbWJwyqg==}
    dependencies:
      '@floating-ui/core': 1.7.4
      '@floating-ui/utils': 0.2.10
    dev: false

  /@floating-ui/utils@0.2.10:
    resolution: {integrity: sha512-aGTxbpbg8/b5JfU1HXSrbH3wXZuLPJcNEcZQFMxLs3oSzgtVu6nFPkbbGGUvBcUjKV2YyB9Wxxabo+HEH9tcRQ==}
    dev: false

  /@lit-labs/observers@2.1.0:
    resolution: {integrity: sha512-oeQ2tvi/ygq7S+VgnXIInMKHHFPFqvIV9j2zBzpCwl33cWviT2ltuxNpbd11etwtUVsM8woKQzfVnrc80PKhKA==}
    dependencies:
      '@lit/reactive-element': 2.1.2
    dev: false

  /@lit-labs/ssr-dom-shim@1.5.1:
    resolution: {integrity: sha512-Aou5UdlSpr5whQe8AA/bZG0jMj96CoJIWbGfZ91qieWu5AWUMKw8VR/pAkQkJYvBNhmCcWnZlyyk5oze8JIqYA==}
    dev: false

  /@lit/reactive-element@2.1.2:
    resolution: {integrity: sha512-pbCDiVMnne1lYUIaYNN5wrwQXDtHaYtg7YEFPeW+hws6U47WeFvISGUWekPGKWOP1ygrs0ef0o1VJMk1exos5A==}
    dependencies:
      '@lit-labs/ssr-dom-shim': 1.5.1
    dev: false

  /@loken/hierarchies@0.8.0:
    resolution: {integrity: sha512-kTmyNZHnemAlhFctvQylIcWCxft8hdY0AeArzoEXeN68MZGrFuAhXhPDEjltAVQhILrPNY99GFyXOnW0CH/hvw==}
    engines: {node: '>=20.10.0'}
    dependencies:
      '@loken/utilities': 0.7.8
      tslib: 2.8.1
    dev: false

  /@loken/utilities@0.7.8:
    resolution: {integrity: sha512-wsO4yycnkTouWxANlneg6NaoHWQT7i2eNQLC1/ZsX4nqiUZCcZQGUx/3seNPpAJaxSTJZW09ijluYcMHPwB4Vw==}
    engines: {node: '>=22.0.0'}
    dependencies:
      tslib: 2.8.1
    dev: false

  /@lukeed/csprng@1.1.0:
    resolution: {integrity: sha512-Z7C/xXCiGWsg0KuKsHTKJxbWhpI3Vs5GwLfOean7MGyVFGqdRgBbAjOCh6u4bbjPc/8MJ2pZmK/0DLdCbivLDA==}
    engines: {node: '>=8'}
    dev: false

  /@lukeed/uuid@2.0.1:
    resolution: {integrity: sha512-qC72D4+CDdjGqJvkFMMEAtancHUQ7/d/tAiHf64z8MopFDmcrtbcJuerDtFceuAfQJ2pDSfCKCtbqoGBNnwg0w==}
    engines: {node: '>=8'}
    dependencies:
      '@lukeed/csprng': 1.1.0
    dev: false

  /@nodelib/fs.scandir@2.1.5:
    resolution: {integrity: sha512-vq24Bq3ym5HEQm2NKCr3yXDwjc7vTsEThRDnkp2DK9p1uqLR+DHurm/NOTo0KG7HYHU7eppKZj3MyqYuMBf62g==}
    engines: {node: '>= 8'}
    dependencies:
      '@nodelib/fs.stat': 2.0.5
      run-parallel: 1.2.0
    dev: true

  /@nodelib/fs.stat@2.0.5:
    resolution: {integrity: sha512-RkhPPp2zrqDAQA/2jNhnztcPAlv64XdhIp7a7454A5ovI7Bukxgt7MX7udwAu3zg1DcpPU0rz3VV1SeaqvY4+A==}
    engines: {node: '>= 8'}
    dev: true

  /@nodelib/fs.walk@1.2.8:
    resolution: {integrity: sha512-oGB+UxlgWcgQkgwo8GcEGwemoTFt3FIO9ababBmaGwXIoBKZ+GTy0pP185beGg7Llih/NSHSV2XAs1lnznocSg==}
    engines: {node: '>= 8'}
    dependencies:
      '@nodelib/fs.scandir': 2.1.5
      fastq: 1.20.1
    dev: true

  /@preact/signals-core@1.13.0:
    resolution: {integrity: sha512-slT6XeTCAbdql61GVLlGU4x7XHI7kCZV5Um5uhE4zLX4ApgiiXc0UYFvVOKq06xcovzp7p+61l68oPi563ARKg==}
    dev: false

  /@rollup/rollup-android-arm-eabi@4.57.1:
    resolution: {integrity: sha512-A6ehUVSiSaaliTxai040ZpZ2zTevHYbvu/lDoeAteHI8QnaosIzm4qwtezfRg1jOYaUmnzLX1AOD6Z+UJjtifg==}
    cpu: [arm]
    os: [android]
    requiresBuild: true
    dev: true
    optional: true

  /@rollup/rollup-android-arm64@4.57.1:
    resolution: {integrity: sha512-dQaAddCY9YgkFHZcFNS/606Exo8vcLHwArFZ7vxXq4rigo2bb494/xKMMwRRQW6ug7Js6yXmBZhSBRuBvCCQ3w==}
    cpu: [arm64]
    os: [android]
    requiresBuild: true
    dev: true
    optional: true

  /@rollup/rollup-darwin-arm64@4.57.1:
    resolution: {integrity: sha512-crNPrwJOrRxagUYeMn/DZwqN88SDmwaJ8Cvi/TN1HnWBU7GwknckyosC2gd0IqYRsHDEnXf328o9/HC6OkPgOg==}
    cpu: [arm64]
    os: [darwin]
    requiresBuild: true
    dev: true
    optional: true

  /@rollup/rollup-darwin-x64@4.57.1:
    resolution: {integrity: sha512-Ji8g8ChVbKrhFtig5QBV7iMaJrGtpHelkB3lsaKzadFBe58gmjfGXAOfI5FV0lYMH8wiqsxKQ1C9B0YTRXVy4w==}
    cpu: [x64]
    os: [darwin]
    requiresBuild: true
    dev: true
    optional: true

  /@rollup/rollup-freebsd-arm64@4.57.1:
    resolution: {integrity: sha512-R+/WwhsjmwodAcz65guCGFRkMb4gKWTcIeLy60JJQbXrJ97BOXHxnkPFrP+YwFlaS0m+uWJTstrUA9o+UchFug==}
    cpu: [arm64]
    os: [freebsd]
    requiresBuild: true
    dev: true
    optional: true

  /@rollup/rollup-freebsd-x64@4.57.1:
    resolution: {integrity: sha512-IEQTCHeiTOnAUC3IDQdzRAGj3jOAYNr9kBguI7MQAAZK3caezRrg0GxAb6Hchg4lxdZEI5Oq3iov/w/hnFWY9Q==}
    cpu: [x64]
    os: [freebsd]
    requiresBuild: true
    dev: true
    optional: true

  /@rollup/rollup-linux-arm-gnueabihf@4.57.1:
    resolution: {integrity: sha512-F8sWbhZ7tyuEfsmOxwc2giKDQzN3+kuBLPwwZGyVkLlKGdV1nvnNwYD0fKQ8+XS6hp9nY7B+ZeK01EBUE7aHaw==}
    cpu: [arm]
    os: [linux]
    requiresBuild: true
    dev: true
    optional: true

  /@rollup/rollup-linux-arm-musleabihf@4.57.1:
    resolution: {integrity: sha512-rGfNUfn0GIeXtBP1wL5MnzSj98+PZe/AXaGBCRmT0ts80lU5CATYGxXukeTX39XBKsxzFpEeK+Mrp9faXOlmrw==}
    cpu: [arm]
    os: [linux]
    requiresBuild: true
    dev: true
    optional: true

  /@rollup/rollup-linux-arm64-gnu@4.57.1:
    resolution: {integrity: sha512-MMtej3YHWeg/0klK2Qodf3yrNzz6CGjo2UntLvk2RSPlhzgLvYEB3frRvbEF2wRKh1Z2fDIg9KRPe1fawv7C+g==}
    cpu: [arm64]
    os: [linux]
    requiresBuild: true
    dev: true
    optional: true

  /@rollup/rollup-linux-arm64-musl@4.57.1:
    resolution: {integrity: sha512-1a/qhaaOXhqXGpMFMET9VqwZakkljWHLmZOX48R0I/YLbhdxr1m4gtG1Hq7++VhVUmf+L3sTAf9op4JlhQ5u1Q==}
    cpu: [arm64]
    os: [linux]
    requiresBuild: true
    dev: true
    optional: true

  /@rollup/rollup-linux-loong64-gnu@4.57.1:
    resolution: {integrity: sha512-QWO6RQTZ/cqYtJMtxhkRkidoNGXc7ERPbZN7dVW5SdURuLeVU7lwKMpo18XdcmpWYd0qsP1bwKPf7DNSUinhvA==}
    cpu: [loong64]
    os: [linux]
    requiresBuild: true
    dev: true
    optional: true

  /@rollup/rollup-linux-loong64-musl@4.57.1:
    resolution: {integrity: sha512-xpObYIf+8gprgWaPP32xiN5RVTi/s5FCR+XMXSKmhfoJjrpRAjCuuqQXyxUa/eJTdAE6eJ+KDKaoEqjZQxh3Gw==}
    cpu: [loong64]
    os: [linux]
    requiresBuild: true
    dev: true
    optional: true

  /@rollup/rollup-linux-ppc64-gnu@4.57.1:
    resolution: {integrity: sha512-4BrCgrpZo4hvzMDKRqEaW1zeecScDCR+2nZ86ATLhAoJ5FQ+lbHVD3ttKe74/c7tNT9c6F2viwB3ufwp01Oh2w==}
    cpu: [ppc64]
    os: [linux]
    requiresBuild: true
    dev: true
    optional: true

  /@rollup/rollup-linux-ppc64-musl@4.57.1:
    resolution: {integrity: sha512-NOlUuzesGauESAyEYFSe3QTUguL+lvrN1HtwEEsU2rOwdUDeTMJdO5dUYl/2hKf9jWydJrO9OL/XSSf65R5+Xw==}
    cpu: [ppc64]
    os: [linux]
    requiresBuild: true
    dev: true
    optional: true

  /@rollup/rollup-linux-riscv64-gnu@4.57.1:
    resolution: {integrity: sha512-ptA88htVp0AwUUqhVghwDIKlvJMD/fmL/wrQj99PRHFRAG6Z5nbWoWG4o81Nt9FT+IuqUQi+L31ZKAFeJ5Is+A==}
    cpu: [riscv64]
    os: [linux]
    requiresBuild: true
    dev: true
    optional: true

  /@rollup/rollup-linux-riscv64-musl@4.57.1:
    resolution: {integrity: sha512-S51t7aMMTNdmAMPpBg7OOsTdn4tySRQvklmL3RpDRyknk87+Sp3xaumlatU+ppQ+5raY7sSTcC2beGgvhENfuw==}
    cpu: [riscv64]
    os: [linux]
    requiresBuild: true
    dev: true
    optional: true

  /@rollup/rollup-linux-s390x-gnu@4.57.1:
    resolution: {integrity: sha512-Bl00OFnVFkL82FHbEqy3k5CUCKH6OEJL54KCyx2oqsmZnFTR8IoNqBF+mjQVcRCT5sB6yOvK8A37LNm/kPJiZg==}
    cpu: [s390x]
    os: [linux]
    requiresBuild: true
    dev: true
    optional: true

  /@rollup/rollup-linux-x64-gnu@4.57.1:
    resolution: {integrity: sha512-ABca4ceT4N+Tv/GtotnWAeXZUZuM/9AQyCyKYyKnpk4yoA7QIAuBt6Hkgpw8kActYlew2mvckXkvx0FfoInnLg==}
    cpu: [x64]
    os: [linux]
    requiresBuild: true
    dev: true
    optional: true

  /@rollup/rollup-linux-x64-musl@4.57.1:
    resolution: {integrity: sha512-HFps0JeGtuOR2convgRRkHCekD7j+gdAuXM+/i6kGzQtFhlCtQkpwtNzkNj6QhCDp7DRJ7+qC/1Vg2jt5iSOFw==}
    cpu: [x64]
    os: [linux]
    requiresBuild: true
    dev: true
    optional: true

  /@rollup/rollup-openbsd-x64@4.57.1:
    resolution: {integrity: sha512-H+hXEv9gdVQuDTgnqD+SQffoWoc0Of59AStSzTEj/feWTBAnSfSD3+Dql1ZruJQxmykT/JVY0dE8Ka7z0DH1hw==}
    cpu: [x64]
    os: [openbsd]
    requiresBuild: true
    dev: true
    optional: true

  /@rollup/rollup-openharmony-arm64@4.57.1:
    resolution: {integrity: sha512-4wYoDpNg6o/oPximyc/NG+mYUejZrCU2q+2w6YZqrAs2UcNUChIZXjtafAiiZSUc7On8v5NyNj34Kzj/Ltk6dQ==}
    cpu: [arm64]
    os: [openharmony]
    requiresBuild: true
    dev: true
    optional: true

  /@rollup/rollup-win32-arm64-msvc@4.57.1:
    resolution: {integrity: sha512-O54mtsV/6LW3P8qdTcamQmuC990HDfR71lo44oZMZlXU4tzLrbvTii87Ni9opq60ds0YzuAlEr/GNwuNluZyMQ==}
    cpu: [arm64]
    os: [win32]
    requiresBuild: true
    dev: true
    optional: true

  /@rollup/rollup-win32-ia32-msvc@4.57.1:
    resolution: {integrity: sha512-P3dLS+IerxCT/7D2q2FYcRdWRl22dNbrbBEtxdWhXrfIMPP9lQhb5h4Du04mdl5Woq05jVCDPCMF7Ub0NAjIew==}
    cpu: [ia32]
    os: [win32]
    requiresBuild: true
    dev: true
    optional: true

  /@rollup/rollup-win32-x64-gnu@4.57.1:
    resolution: {integrity: sha512-VMBH2eOOaKGtIJYleXsi2B8CPVADrh+TyNxJ4mWPnKfLB/DBUmzW+5m1xUrcwWoMfSLagIRpjUFeW5CO5hyciQ==}
    cpu: [x64]
    os: [win32]
    requiresBuild: true
    dev: true
    optional: true

  /@rollup/rollup-win32-x64-msvc@4.57.1:
    resolution: {integrity: sha512-mxRFDdHIWRxg3UfIIAwCm6NzvxG0jDX/wBN6KsQFTvKFqqg9vTrWUE68qEjHt19A5wwx5X5aUi2zuZT7YR0jrA==}
    cpu: [x64]
    os: [win32]
    requiresBuild: true
    dev: true
    optional: true

  /@sindresorhus/merge-streams@2.3.0:
    resolution: {integrity: sha512-LtoMMhxAlorcGhmFYI+LhPgbPZCkgP6ra1YL604EeF6U98pLlQ3iWIGMdWSC+vWmPBWBNgmDBAhnAobLROJmwg==}
    engines: {node: '>=18'}
    dev: true

  /@sindresorhus/slugify@3.0.0:
    resolution: {integrity: sha512-SCrKh1zS96q+CuH5GumHcyQEVPsM4Ve8oE0E6tw7AAhGq50K8ojbTUOQnX/j9Mhcv/AXiIsbCfquovyGOo5fGw==}
    engines: {node: '>=20'}
    dependencies:
      '@sindresorhus/transliterate': 2.3.1
      escape-string-regexp: 5.0.0
    dev: false

  /@sindresorhus/transliterate@2.3.1:
    resolution: {integrity: sha512-gVaaGtKYMYAMmI8buULVH3A2TXVJ98QiwGwI7ddrWGuGidGC2uRt4FHs22+8iROJ0QTzju9CuMjlVsrvpqsdhA==}
    engines: {node: '>=20'}
    dev: false

  /@types/estree@1.0.8:
    resolution: {integrity: sha512-dWHzHa2WqEXI/O1E9OjrocMTKJl2mSrEolh1Iomrv6U+JuNwaHXsXx9bLu5gG7BUWFIN0skIQJQ/L1rIex4X6w==}
    dev: true

  /@types/linkify-it@5.0.0:
    resolution: {integrity: sha512-sVDA58zAw4eWAffKOaQH5/5j3XeayukzDk+ewSsnv3p4yJEZHCCzMDiZM8e0OUrRvmpGZ85jf4yDHkHsgBNr9Q==}
    dev: false

  /@types/markdown-it@14.1.2:
    resolution: {integrity: sha512-promo4eFwuiW+TfGxhi+0x3czqTYJkG8qB17ZUJiVF10Xm7NLVRSLUsfRTU/6h1e24VvRnXCx+hG7li58lkzog==}
    dependencies:
      '@types/linkify-it': 5.0.0
      '@types/mdurl': 2.0.0
    dev: false

  /@types/mdurl@2.0.0:
    resolution: {integrity: sha512-RGdgjQUZba5p6QEFAVx2OGb8rQDL/cPRG7GiedRzMcJ1tYnUANBncjbSB1NRGwbvjcPeikRABz2nshyPk1bhWg==}
    dev: false

  /@types/trusted-types@2.0.7:
    resolution: {integrity: sha512-ScaPdn1dQczgbl0QFTeTOmVHFULt394XJgOQNoyVhZ6r2vLnMLJfBPd53SB52T/3G36VI1/g2MZaX0cwDuXsfw==}
    dev: false

  /argparse@2.0.1:
    resolution: {integrity: sha512-8+9WqebbFzpX9OR+Wa6O29asIogeRMzcGtAINdpMHHyAg10f05aSFVBbcEqGf/PXw1EjAZ+q2/bEBg3DvurK3Q==}
    dev: false

  /braces@3.0.3:
    resolution: {integrity: sha512-yQbXgO/OSZVD2IsiLlro+7Hf6Q18EJrKSEsdoMzKePKXct3gvD8oLcOQdIzGupr5Fj+EDe8gO/lxc1BzfMpxvA==}
    engines: {node: '>=8'}
    dependencies:
      fill-range: 7.1.1
    dev: true

  /color-convert@3.1.3:
    resolution: {integrity: sha512-fasDH2ont2GqF5HpyO4w0+BcewlhHEZOFn9c1ckZdHpJ56Qb7MHhH/IcJZbBGgvdtwdwNbLvxiBEdg336iA9Sg==}
    engines: {node: '>=14.6'}
    dependencies:
      color-name: 2.1.0
    dev: false

  /color-name@2.1.0:
    resolution: {integrity: sha512-1bPaDNFm0axzE4MEAzKPuqKWeRaT43U/hyxKPBdqTfmPF+d6n7FSoTFxLVULUJOmiLp01KjhIPPH+HrXZJN4Rg==}
    engines: {node: '>=12.20'}
    dev: false

  /color-string@2.1.4:
    resolution: {integrity: sha512-Bb6Cq8oq0IjDOe8wJmi4JeNn763Xs9cfrBcaylK1tPypWzyoy2G3l90v9k64kjphl/ZJjPIShFztenRomi8WTg==}
    engines: {node: '>=18'}
    dependencies:
      color-name: 2.1.0
    dev: false

  /color@5.0.3:
    resolution: {integrity: sha512-ezmVcLR3xAVp8kYOm4GS45ZLLgIE6SPAFoduLr6hTDajwb3KZ2F46gulK3XpcwRFb5KKGCSezCBAY4Dw4HsyXA==}
    engines: {node: '>=18'}
    dependencies:
      color-convert: 3.1.3
      color-string: 2.1.4
    dev: false

  /deepmerge-ts@7.1.5:
    resolution: {integrity: sha512-HOJkrhaYsweh+W+e74Yn7YStZOilkoPb6fycpwNLKzSPtruFs48nYis0zy5yJz1+ktUhHxoRDJ27RQAWLIJVJw==}
    engines: {node: '>=16.0.0'}
    dev: false

  /entities@4.5.0:
    resolution: {integrity: sha512-V0hjH4dGPh9Ao5p0MoRY6BVqtwCjhz6vI5LT8AJ55H+4g9/4vbHx1I54fS0XuclLhDHArPQCiMjDxjaL8fPxhw==}
    engines: {node: '>=0.12'}
    dev: false

  /esbuild@0.27.3:
    resolution: {integrity: sha512-8VwMnyGCONIs6cWue2IdpHxHnAjzxnw2Zr7MkVxB2vjmQ2ivqGFb4LEG3SMnv0Gb2F/G/2yA8zUaiL1gywDCCg==}
    engines: {node: '>=18'}
    hasBin: true
    requiresBuild: true
    optionalDependencies:
      '@esbuild/aix-ppc64': 0.27.3
      '@esbuild/android-arm': 0.27.3
      '@esbuild/android-arm64': 0.27.3
      '@esbuild/android-x64': 0.27.3
      '@esbuild/darwin-arm64': 0.27.3
      '@esbuild/darwin-x64': 0.27.3
      '@esbuild/freebsd-arm64': 0.27.3
      '@esbuild/freebsd-x64': 0.27.3
      '@esbuild/linux-arm': 0.27.3
      '@esbuild/linux-arm64': 0.27.3
      '@esbuild/linux-ia32': 0.27.3
      '@esbuild/linux-loong64': 0.27.3
      '@esbuild/linux-mips64el': 0.27.3
      '@esbuild/linux-ppc64': 0.27.3
      '@esbuild/linux-riscv64': 0.27.3
      '@esbuild/linux-s390x': 0.27.3
      '@esbuild/linux-x64': 0.27.3
      '@esbuild/netbsd-arm64': 0.27.3
      '@esbuild/netbsd-x64': 0.27.3
      '@esbuild/openbsd-arm64': 0.27.3
      '@esbuild/openbsd-x64': 0.27.3
      '@esbuild/openharmony-arm64': 0.27.3
      '@esbuild/sunos-x64': 0.27.3
      '@esbuild/win32-arm64': 0.27.3
      '@esbuild/win32-ia32': 0.27.3
      '@esbuild/win32-x64': 0.27.3
    dev: true

  /escape-string-regexp@5.0.0:
    resolution: {integrity: sha512-/veY75JbMK4j1yjvuUxuVsiS/hr/4iHs9FTT6cgTexxdE0Ly/glccBAkloH/DofkjRbZU3bnoj38mOmhkZ0lHw==}
    engines: {node: '>=12'}
    dev: false

  /fast-equals@5.4.0:
    resolution: {integrity: sha512-jt2DW/aNFNwke7AUd+Z+e6pz39KO5rzdbbFCg2sGafS4mk13MI7Z8O5z9cADNn5lhGODIgLwug6TZO2ctf7kcw==}
    engines: {node: '>=6.0.0'}
    dev: false

  /fast-glob@3.3.3:
    resolution: {integrity: sha512-7MptL8U0cqcFdzIzwOTHoilX9x5BrNqye7Z/LuC7kCMRio1EMSyqRK3BEAUD7sXRq4iT4AzTVuZdhgQ2TCvYLg==}
    engines: {node: '>=8.6.0'}
    dependencies:
      '@nodelib/fs.stat': 2.0.5
      '@nodelib/fs.walk': 1.2.8
      glob-parent: 5.1.2
      merge2: 1.4.1
      micromatch: 4.0.8
    dev: true

  /fastq@1.20.1:
    resolution: {integrity: sha512-GGToxJ/w1x32s/D2EKND7kTil4n8OVk/9mycTc4VDza13lOvpUZTGX3mFSCtV9ksdGBVzvsyAVLM6mHFThxXxw==}
    dependencies:
      reusify: 1.1.0
    dev: true

  /fdir@6.5.0(picomatch@4.0.3):
    resolution: {integrity: sha512-tIbYtZbucOs0BRGqPJkshJUYdL+SDH7dVM8gjy+ERp3WAUjLEFJE+02kanyHtwjWOnwrKYBiwAmM0p4kLJAnXg==}
    engines: {node: '>=12.0.0'}
    peerDependencies:
      picomatch: ^3 || ^4
    peerDependenciesMeta:
      picomatch:
        optional: true
    dependencies:
      picomatch: 4.0.3
    dev: true

  /fill-range@7.1.1:
    resolution: {integrity: sha512-YsGpe3WHLK8ZYi4tWDg2Jy3ebRz2rXowDxnld4bkQB00cc/1Zw9AWnC0i9ztDJitivtQvaI9KaLyKrc+hBW0yg==}
    engines: {node: '>=8'}
    dependencies:
      to-regex-range: 5.0.1
    dev: true

  /fs-extra@11.3.3:
    resolution: {integrity: sha512-VWSRii4t0AFm6ixFFmLLx1t7wS1gh+ckoa84aOeapGum0h+EZd1EhEumSB+ZdDLnEPuucsVB9oB7cxJHap6Afg==}
    engines: {node: '>=14.14'}
    dependencies:
      graceful-fs: 4.2.11
      jsonfile: 6.2.0
      universalify: 2.0.1
    dev: true

  /fsevents@2.3.3:
    resolution: {integrity: sha512-5xoDfX+fL7faATnagmWPpbFtwh/R77WmMMqqHGS65C3vvB0YHrgF+B1YmZ3441tMj5n63k0212XNoJwzlhffQw==}
    engines: {node: ^8.16.0 || ^10.6.0 || >=11.0.0}
    os: [darwin]
    requiresBuild: true
    dev: true
    optional: true

  /glob-parent@5.1.2:
    resolution: {integrity: sha512-AOIgSQCepiJYwP3ARnGx+5VnTu2HBYdzbGP45eLw1vr3zB3vZLeyed1sC9hnbcOc9/SrMyM5RPQrkGz4aS9Zow==}
    engines: {node: '>= 6'}
    dependencies:
      is-glob: 4.0.3
    dev: true

  /globby@14.1.0:
    resolution: {integrity: sha512-0Ia46fDOaT7k4og1PDW4YbodWWr3scS2vAr2lTbsplOt2WkKp0vQbkI9wKis/T5LV/dqPjO3bpS/z6GTJB82LA==}
    engines: {node: '>=18'}
    dependencies:
      '@sindresorhus/merge-streams': 2.3.0
      fast-glob: 3.3.3
      ignore: 7.0.5
      path-type: 6.0.0
      slash: 5.1.0
      unicorn-magic: 0.3.0
    dev: true

  /graceful-fs@4.2.11:
    resolution: {integrity: sha512-RbJ5/jmFcNNCcDV5o9eTnBLJ/HszWV0P73bc+Ff4nS/rJj+YaS6IGyiOL0VoBYX+l1Wrl3k63h/KrH+nhJ0XvQ==}
    dev: true

  /highlight.js@11.11.1:
    resolution: {integrity: sha512-Xwwo44whKBVCYoliBQwaPvtd/2tYFkRQtXDWj1nackaV2JPXx3L0+Jvd8/qCJ2p+ML0/XVkJ2q+Mr+UVdpJK5w==}
    engines: {node: '>=12.0.0'}
    dev: false

  /ignore@7.0.5:
    resolution: {integrity: sha512-Hs59xBNfUIunMFgWAbGX5cq6893IbWg4KnrjbYwX3tx0ztorVgTDA6B2sxf8ejHJ4wz8BqGUMYlnzNBer5NvGg==}
    engines: {node: '>= 4'}
    dev: true

  /is-extglob@2.1.1:
    resolution: {integrity: sha512-SbKbANkN603Vi4jEZv49LeVJMn4yGwsbzZworEoyEiutsN3nJYdbO36zfhGJ6QEDpOZIFkDtnq5JRxmvl3jsoQ==}
    engines: {node: '>=0.10.0'}
    dev: true

  /is-glob@4.0.3:
    resolution: {integrity: sha512-xelSayHH36ZgE7ZWhli7pW34hNbNl8Ojv5KVmkJD4hBdD3th8Tfk9vYasLM+mXWOZhFkgZfxhLSnrwRr4elSSg==}
    engines: {node: '>=0.10.0'}
    dependencies:
      is-extglob: 2.1.1
    dev: true

  /is-number@7.0.0:
    resolution: {integrity: sha512-41Cifkg6e8TylSpdtTpeLVMqvSBEVzTttHvERD741+pnZ8ANv0004MRL43QKPDlK9cGvNp6NZWZUBlbGXYxxng==}
    engines: {node: '>=0.12.0'}
    dev: true

  /jsonfile@6.2.0:
    resolution: {integrity: sha512-FGuPw30AdOIUTRMC2OMRtQV+jkVj2cfPqSeWXv1NEAJ1qZ5zb1X6z1mFhbfOB/iy3ssJCD+3KuZ8r8C3uVFlAg==}
    dependencies:
      universalify: 2.0.1
    optionalDependencies:
      graceful-fs: 4.2.11
    dev: true

  /linkify-it@5.0.0:
    resolution: {integrity: sha512-5aHCbzQRADcdP+ATqnDuhhJ/MRIqDkZX5pyjFHRRysS8vZ5AbqGEoFIb6pYHPZ+L/OC2Lc+xT8uHVVR5CAK/wQ==}
    dependencies:
      uc.micro: 2.1.0
    dev: false

  /lit-element@4.2.2:
    resolution: {integrity: sha512-aFKhNToWxoyhkNDmWZwEva2SlQia+jfG0fjIWV//YeTaWrVnOxD89dPKfigCUspXFmjzOEUQpOkejH5Ly6sG0w==}
    dependencies:
      '@lit-labs/ssr-dom-shim': 1.5.1
      '@lit/reactive-element': 2.1.2
      lit-html: 3.3.2
    dev: false

  /lit-html@3.3.2:
    resolution: {integrity: sha512-Qy9hU88zcmaxBXcc10ZpdK7cOLXvXpRoBxERdtqV9QOrfpMZZ6pSYP91LhpPtap3sFMUiL7Tw2RImbe0Al2/kw==}
    dependencies:
      '@types/trusted-types': 2.0.7
    dev: false

  /lit@3.3.2:
    resolution: {integrity: sha512-NF9zbsP79l4ao2SNrH3NkfmFgN/hBYSQo90saIVI1o5GpjAdCPVstVzO1MrLOakHoEhYkrtRjPK6Ob521aoYWQ==}
    dependencies:
      '@lit/reactive-element': 2.1.2
      lit-element: 4.2.2
      lit-html: 3.3.2
    dev: false

  /markdown-it-anchor@9.2.0(@types/markdown-it@14.1.2)(markdown-it@14.1.1):
    resolution: {integrity: sha512-sa2ErMQ6kKOA4l31gLGYliFQrMKkqSO0ZJgGhDHKijPf0pNFM9vghjAh3gn26pS4JDRs7Iwa9S36gxm3vgZTzg==}
    peerDependencies:
      '@types/markdown-it': '*'
      markdown-it: '*'
    dependencies:
      '@types/markdown-it': 14.1.2
      markdown-it: 14.1.1
    dev: false

  /markdown-it@14.1.1:
    resolution: {integrity: sha512-BuU2qnTti9YKgK5N+IeMubp14ZUKUUw7yeJbkjtosvHiP0AZ5c8IAgEMk79D0eC8F23r4Ac/q8cAIFdm2FtyoA==}
    hasBin: true
    dependencies:
      argparse: 2.0.1
      entities: 4.5.0
      linkify-it: 5.0.0
      mdurl: 2.0.0
      punycode.js: 2.3.1
      uc.micro: 2.1.0
    dev: false

  /mdurl@2.0.0:
    resolution: {integrity: sha512-Lf+9+2r+Tdp5wXDXC4PcIBjTDtq4UKjCPMQhKIuzpJNW0b96kVqSwW0bT7FhRSfmAiFYgP+SCRvdrDozfh0U5w==}
    dev: false

  /merge2@1.4.1:
    resolution: {integrity: sha512-8q7VEgMJW4J8tcfVPy8g09NcQwZdbwFEqhe/WZkoIzjn/3TGDwtOCYtXGxA3O8tPzpczCCDgv+P2P5y00ZJOOg==}
    engines: {node: '>= 8'}
    dev: true

  /micromatch@4.0.8:
    resolution: {integrity: sha512-PXwfBhYu0hBCPw8Dn0E+WDYb7af3dSLVWKi3HGv84IdF4TyFoC0ysxFd0Goxw7nSv4T/PzEJQxsYsEiFCKo2BA==}
    engines: {node: '>=8.6'}
    dependencies:
      braces: 3.0.3
      picomatch: 2.3.1
    dev: true

  /nanoid@3.3.11:
    resolution: {integrity: sha512-N8SpfPUnUp1bK+PMYW8qSWdl9U+wwNWI4QKxOYDy9JAro3WMX7p2OeVRF9v+347pnakNevPmiHhNmZ2HbFA76w==}
    engines: {node: ^10 || ^12 || ^13.7 || ^14 || >=15.0.1}
    hasBin: true
    dev: true

  /nanoid@5.1.6:
    resolution: {integrity: sha512-c7+7RQ+dMB5dPwwCp4ee1/iV/q2P6aK1mTZcfr1BTuVlyW9hJYiMPybJCcnBlQtuSmTIWNeazm/zqNoZSSElBg==}
    engines: {node: ^18 || >=20}
    hasBin: true
    dev: false

  /path-type@6.0.0:
    resolution: {integrity: sha512-Vj7sf++t5pBD637NSfkxpHSMfWaeig5+DKWLhcqIYx6mWQz5hdJTGDVMQiJcw1ZYkhs7AazKDGpRVji1LJCZUQ==}
    engines: {node: '>=18'}
    dev: true

  /picocolors@1.1.1:
    resolution: {integrity: sha512-xceH2snhtb5M9liqDsmEw56le376mTZkEX/jEb/RxNFyegNul7eNslCXP9FDj/Lcu0X8KEyMceP2ntpaHrDEVA==}
    dev: true

  /picomatch@2.3.1:
    resolution: {integrity: sha512-JU3teHTNjmE2VCGFzuY8EXzCDVwEqB2a8fsIvwaStHhAWJEeVd1o1QD80CU6+ZdEXXSLbSsuLwJjkCBWqRQUVA==}
    engines: {node: '>=8.6'}
    dev: true

  /picomatch@4.0.3:
    resolution: {integrity: sha512-5gTmgEY/sqK6gFXLIsQNH19lWb4ebPDLA4SdLP7dsWkIXHWlG66oPuVvXSGFPppYZz8ZDZq0dYYrbHfBCVUb1Q==}
    engines: {node: '>=12'}
    dev: true

  /postcss@8.5.6:
    resolution: {integrity: sha512-3Ybi1tAuwAP9s0r1UQ2J4n5Y0G05bJkpUIO0/bI9MhwmD70S5aTWbXGBwxHrelT+XM1k6dM0pk+SwNkpTRN7Pg==}
    engines: {node: ^10 || ^12 || >=14}
    dependencies:
      nanoid: 3.3.11
      picocolors: 1.1.1
      source-map-js: 1.2.1
    dev: true

  /punycode.js@2.3.1:
    resolution: {integrity: sha512-uxFIHU0YlHYhDQtV4R9J6a52SLx28BCjT+4ieh7IGbgwVJWO+km431c4yRlREUAsAmt/uMjQUyQHNEPf0M39CA==}
    engines: {node: '>=6'}
    dev: false

  /queue-microtask@1.2.3:
    resolution: {integrity: sha512-NuaNSa6flKT5JaSYQzJok04JzTL1CA6aGhv5rfLW3PgqA+M2ChpZQnAC8h8i4ZFkBS8X5RqkDBHA7r4hej3K9A==}
    dev: true

  /reflect-metadata@0.2.2:
    resolution: {integrity: sha512-urBwgfrvVP/eAyXx4hluJivBKzuEbSQs9rKWCrCkbSxNv8mxPcUZKeuoF3Uy4mJl3Lwprp6yy5/39VWigZ4K6Q==}
    dev: false

  /reusify@1.1.0:
    resolution: {integrity: sha512-g6QUff04oZpHs0eG5p83rFLhHeV00ug/Yf9nZM6fLeUrPguBTkTQOdpAWWspMh55TZfVQDPaN3NQJfbVRAxdIw==}
    engines: {iojs: '>=1.0.0', node: '>=0.10.0'}
    dev: true

  /rollup@4.57.1:
    resolution: {integrity: sha512-oQL6lgK3e2QZeQ7gcgIkS2YZPg5slw37hYufJ3edKlfQSGGm8ICoxswK15ntSzF/a8+h7ekRy7k7oWc3BQ7y8A==}
    engines: {node: '>=18.0.0', npm: '>=8.0.0'}
    hasBin: true
    dependencies:
      '@types/estree': 1.0.8
    optionalDependencies:
      '@rollup/rollup-android-arm-eabi': 4.57.1
      '@rollup/rollup-android-arm64': 4.57.1
      '@rollup/rollup-darwin-arm64': 4.57.1
      '@rollup/rollup-darwin-x64': 4.57.1
      '@rollup/rollup-freebsd-arm64': 4.57.1
      '@rollup/rollup-freebsd-x64': 4.57.1
      '@rollup/rollup-linux-arm-gnueabihf': 4.57.1
      '@rollup/rollup-linux-arm-musleabihf': 4.57.1
      '@rollup/rollup-linux-arm64-gnu': 4.57.1
      '@rollup/rollup-linux-arm64-musl': 4.57.1
      '@rollup/rollup-linux-loong64-gnu': 4.57.1
      '@rollup/rollup-linux-loong64-musl': 4.57.1
      '@rollup/rollup-linux-ppc64-gnu': 4.57.1
      '@rollup/rollup-linux-ppc64-musl': 4.57.1
      '@rollup/rollup-linux-riscv64-gnu': 4.57.1
      '@rollup/rollup-linux-riscv64-musl': 4.57.1
      '@rollup/rollup-linux-s390x-gnu': 4.57.1
      '@rollup/rollup-linux-x64-gnu': 4.57.1
      '@rollup/rollup-linux-x64-musl': 4.57.1
      '@rollup/rollup-openbsd-x64': 4.57.1
      '@rollup/rollup-openharmony-arm64': 4.57.1
      '@rollup/rollup-win32-arm64-msvc': 4.57.1
      '@rollup/rollup-win32-ia32-msvc': 4.57.1
      '@rollup/rollup-win32-x64-gnu': 4.57.1
      '@rollup/rollup-win32-x64-msvc': 4.57.1
      fsevents: 2.3.3
    dev: true

  /run-parallel@1.2.0:
    resolution: {integrity: sha512-5l4VyZR86LZ/lDxZTR6jqL8AFE2S0IFLMP26AbjsLVADxHdhB/c0GUsH+y39UfCi3dzz8OlQuPmnaJOMoDHQBA==}
    dependencies:
      queue-microtask: 1.2.3
    dev: true

  /slash@5.1.0:
    resolution: {integrity: sha512-ZA6oR3T/pEyuqwMgAKT0/hAv8oAXckzbkmR0UkUosQ+Mc4RxGoJkRmwHgHufaenlyAgE1Mxgpdcrf75y6XcnDg==}
    engines: {node: '>=14.16'}
    dev: true

  /source-map-js@1.2.1:
    resolution: {integrity: sha512-UXWMKhLOwVKb728IUtQPXxfYU+usdybtUrK/8uGE8CQMvrhOpwvzDBwj0QhSL7MQc7vIsISBG8VQ8+IDQxpfQA==}
    engines: {node: '>=0.10.0'}
    dev: true

  /tabbable@6.4.0:
    resolution: {integrity: sha512-05PUHKSNE8ou2dwIxTngl4EzcnsCDZGJ/iCLtDflR/SHB/ny14rXc+qU5P4mG9JkusiV7EivzY9Mhm55AzAvCg==}
    dev: false

  /temporal-polyfill@0.3.0:
    resolution: {integrity: sha512-qNsTkX9K8hi+FHDfHmf22e/OGuXmfBm9RqNismxBrnSmZVJKegQ+HYYXT+R7Ha8F/YSm2Y34vmzD4cxMu2u95g==}
    dependencies:
      temporal-spec: 0.3.0
    dev: false

  /temporal-spec@0.3.0:
    resolution: {integrity: sha512-n+noVpIqz4hYgFSMOSiINNOUOMFtV5cZQNCmmszA6GiVFVRt3G7AqVyhXjhCSmowvQn+NsGn+jMDMKJYHd3bSQ==}
    dev: false

  /tinyglobby@0.2.15:
    resolution: {integrity: sha512-j2Zq4NyQYG5XMST4cbs02Ak8iJUdxRM0XI5QyxXuZOzKOINmWurp3smXu3y5wDcJrptwpSjgXHzIQxR0omXljQ==}
    engines: {node: '>=12.0.0'}
    dependencies:
      fdir: 6.5.0(picomatch@4.0.3)
      picomatch: 4.0.3
    dev: true

  /to-regex-range@5.0.1:
    resolution: {integrity: sha512-65P7iz6X5yEr1cwcgvQxbbIw7Uk3gOy5dIdtZ4rDveLqhrdJP+Li/Hx6tyK0NEb+2GCyneCMJiGqrADCSNk8sQ==}
    engines: {node: '>=8.0'}
    dependencies:
      is-number: 7.0.0
    dev: true

  /ts-pattern@5.9.0:
    resolution: {integrity: sha512-6s5V71mX8qBUmlgbrfL33xDUwO0fq48rxAu2LBE11WBeGdpCPOsXksQbZJHvHwhrd3QjUusd3mAOM5Gg0mFBLg==}
    dev: false

  /ts-toolbelt@9.6.0:
    resolution: {integrity: sha512-nsZd8ZeNUzukXPlJmTBwUAuABDe/9qtVDelJeT/qW0ow3ZS3BsQJtNkan1802aM9Uf68/Y8ljw86Hu0h5IUW3w==}
    dev: false

  /tslib@2.8.1:
    resolution: {integrity: sha512-oJFu94HQb+KVduSUQL7wnpmqnfmLsOA/nAh6b6EH0wCEoK0/mPeXU6c3wKDV83MkOuHPRHtSXKKU99IBazS/2w==}
    dev: false

  /typescript@5.9.3:
    resolution: {integrity: sha512-jl1vZzPDinLr9eUt3J/t7V6FgNEw9QjvBPdysz9KfQDD41fQrC2Y4vKQdiaUpFT4bXlb1RHhLpp8wtm6M5TgSw==}
    engines: {node: '>=14.17'}
    hasBin: true
    dev: true

  /uc.micro@2.1.0:
    resolution: {integrity: sha512-ARDJmphmdvUk6Glw7y9DQ2bFkKBHwQHLi2lsaH6PPmz/Ka9sFOBsBluozhDltWmnv9u/cF6Rt87znRTPV+yp/A==}
    dev: false

  /unicorn-magic@0.3.0:
    resolution: {integrity: sha512-+QBBXBCvifc56fsbuxZQ6Sic3wqqc3WWaqxs58gvJrcOuN83HGTCwz3oS5phzU9LthRNE9VrJCFCLUgHeeFnfA==}
    engines: {node: '>=18'}
    dev: true

  /universalify@2.0.1:
    resolution: {integrity: sha512-gptHNQghINnc/vTGIk0SOFGFNXw7JVrlRUtConJRlvaw6DuX0wO5Jeko9sWrMBhh+PsYAZ7oXAiOnf/UKogyiw==}
    engines: {node: '>= 10.0.0'}
    dev: true

  /urlpattern-polyfill@10.1.0:
    resolution: {integrity: sha512-IGjKp/o0NL3Bso1PymYURCJxMPNAf/ILOpendP9f5B6e1rTJgdgiOvgfoT8VxCAdY+Wisb9uhGaJJf3yZ2V9nw==}
    dev: false

  /vite@7.3.1:
    resolution: {integrity: sha512-w+N7Hifpc3gRjZ63vYBXA56dvvRlNWRczTdmCBBa+CotUzAPf5b7YMdMR/8CQoeYE5LX3W4wj6RYTgonm1b9DA==}
    engines: {node: ^20.19.0 || >=22.12.0}
    hasBin: true
    peerDependencies:
      '@types/node': ^20.19.0 || >=22.12.0
      jiti: '>=1.21.0'
      less: ^4.0.0
      lightningcss: ^1.21.0
      sass: ^1.70.0
      sass-embedded: ^1.70.0
      stylus: '>=0.54.8'
      sugarss: ^5.0.0
      terser: ^5.16.0
      tsx: ^4.8.1
      yaml: ^2.4.2
    peerDependenciesMeta:
      '@types/node':
        optional: true
      jiti:
        optional: true
      less:
        optional: true
      lightningcss:
        optional: true
      sass:
        optional: true
      sass-embedded:
        optional: true
      stylus:
        optional: true
      sugarss:
        optional: true
      terser:
        optional: true
      tsx:
        optional: true
      yaml:
        optional: true
    dependencies:
      esbuild: 0.27.3
      fdir: 6.5.0(picomatch@4.0.3)
      picomatch: 4.0.3
      postcss: 8.5.6
      rollup: 4.57.1
      tinyglobby: 0.2.15
    optionalDependencies:
      fsevents: 2.3.3
    dev: true
