lockfileVersion: '6.0'

settings:
  autoInstallPeers: true
  excludeLinksFromLockfile: false

dependencies:
  '@eyeshare/flex-framework':
    specifier: 0.2.1-ci.47
    version: 0.2.1-ci.47(@eyeshare/shared@0.2.0-ci.444)(@roenlie/reflect-metadata@1.0.3)(@vaadin/router@1.7.5)(deepmerge-ts@5.1.0)(fast-equals@5.0.1)(inversify@6.0.2)(lit@3.1.3)(tslib@2.6.2)
  '@eyeshare/shared':
    specifier: 0.2.0-ci.444
    version: 0.2.0-ci.444
  '@eyeshare/web-components':
    specifier: 0.1.1-ci.1248
    version: 0.1.1-ci.1248(@eyeshare/shared@0.2.0-ci.444)(@loken/hierarchies@0.6.2)(@loken/utilities@0.6.1)(@types/markdown-it@14.0.1)
  lit:
    specifier: ^3.1.3
    version: 3.1.3
  mongodb:
    specifier: ^6.5.0
    version: 6.5.0
  reflect-metadata:
    specifier: ^0.2.2
    version: 0.2.2
  tslib:
    specifier: ^2.6.2
    version: 2.6.2

devDependencies:
  '@eyeshare/tsconfig':
    specifier: 0.1.1-ci.8
    version: 0.1.1-ci.8
  typescript:
    specifier: 5.4.5
    version: 5.4.5
  vite:
    specifier: ^5.2.10
    version: 5.2.10

packages:

  /@esbuild/aix-ppc64@0.20.2:
    resolution: {integrity: sha512-D+EBOJHXdNZcLJRBkhENNG8Wji2kgc9AZ9KiPr1JuZjsNtyHzrsfLRrY0tk2H2aoFu6RANO1y1iPPUCDYWkb5g==}
    engines: {node: '>=12'}
    cpu: [ppc64]
    os: [aix]
    requiresBuild: true
    dev: true
    optional: true

  /@esbuild/android-arm64@0.20.2:
    resolution: {integrity: sha512-mRzjLacRtl/tWU0SvD8lUEwb61yP9cqQo6noDZP/O8VkwafSYwZ4yWy24kan8jE/IMERpYncRt2dw438LP3Xmg==}
    engines: {node: '>=12'}
    cpu: [arm64]
    os: [android]
    requiresBuild: true
    dev: true
    optional: true

  /@esbuild/android-arm@0.20.2:
    resolution: {integrity: sha512-t98Ra6pw2VaDhqNWO2Oph2LXbz/EJcnLmKLGBJwEwXX/JAN83Fym1rU8l0JUWK6HkIbWONCSSatf4sf2NBRx/w==}
    engines: {node: '>=12'}
    cpu: [arm]
    os: [android]
    requiresBuild: true
    dev: true
    optional: true

  /@esbuild/android-x64@0.20.2:
    resolution: {integrity: sha512-btzExgV+/lMGDDa194CcUQm53ncxzeBrWJcncOBxuC6ndBkKxnHdFJn86mCIgTELsooUmwUm9FkhSp5HYu00Rg==}
    engines: {node: '>=12'}
    cpu: [x64]
    os: [android]
    requiresBuild: true
    dev: true
    optional: true

  /@esbuild/darwin-arm64@0.20.2:
    resolution: {integrity: sha512-4J6IRT+10J3aJH3l1yzEg9y3wkTDgDk7TSDFX+wKFiWjqWp/iCfLIYzGyasx9l0SAFPT1HwSCR+0w/h1ES/MjA==}
    engines: {node: '>=12'}
    cpu: [arm64]
    os: [darwin]
    requiresBuild: true
    dev: true
    optional: true

  /@esbuild/darwin-x64@0.20.2:
    resolution: {integrity: sha512-tBcXp9KNphnNH0dfhv8KYkZhjc+H3XBkF5DKtswJblV7KlT9EI2+jeA8DgBjp908WEuYll6pF+UStUCfEpdysA==}
    engines: {node: '>=12'}
    cpu: [x64]
    os: [darwin]
    requiresBuild: true
    dev: true
    optional: true

  /@esbuild/freebsd-arm64@0.20.2:
    resolution: {integrity: sha512-d3qI41G4SuLiCGCFGUrKsSeTXyWG6yem1KcGZVS+3FYlYhtNoNgYrWcvkOoaqMhwXSMrZRl69ArHsGJ9mYdbbw==}
    engines: {node: '>=12'}
    cpu: [arm64]
    os: [freebsd]
    requiresBuild: true
    dev: true
    optional: true

  /@esbuild/freebsd-x64@0.20.2:
    resolution: {integrity: sha512-d+DipyvHRuqEeM5zDivKV1KuXn9WeRX6vqSqIDgwIfPQtwMP4jaDsQsDncjTDDsExT4lR/91OLjRo8bmC1e+Cw==}
    engines: {node: '>=12'}
    cpu: [x64]
    os: [freebsd]
    requiresBuild: true
    dev: true
    optional: true

  /@esbuild/linux-arm64@0.20.2:
    resolution: {integrity: sha512-9pb6rBjGvTFNira2FLIWqDk/uaf42sSyLE8j1rnUpuzsODBq7FvpwHYZxQ/It/8b+QOS1RYfqgGFNLRI+qlq2A==}
    engines: {node: '>=12'}
    cpu: [arm64]
    os: [linux]
    requiresBuild: true
    dev: true
    optional: true

  /@esbuild/linux-arm@0.20.2:
    resolution: {integrity: sha512-VhLPeR8HTMPccbuWWcEUD1Az68TqaTYyj6nfE4QByZIQEQVWBB8vup8PpR7y1QHL3CpcF6xd5WVBU/+SBEvGTg==}
    engines: {node: '>=12'}
    cpu: [arm]
    os: [linux]
    requiresBuild: true
    dev: true
    optional: true

  /@esbuild/linux-ia32@0.20.2:
    resolution: {integrity: sha512-o10utieEkNPFDZFQm9CoP7Tvb33UutoJqg3qKf1PWVeeJhJw0Q347PxMvBgVVFgouYLGIhFYG0UGdBumROyiig==}
    engines: {node: '>=12'}
    cpu: [ia32]
    os: [linux]
    requiresBuild: true
    dev: true
    optional: true

  /@esbuild/linux-loong64@0.20.2:
    resolution: {integrity: sha512-PR7sp6R/UC4CFVomVINKJ80pMFlfDfMQMYynX7t1tNTeivQ6XdX5r2XovMmha/VjR1YN/HgHWsVcTRIMkymrgQ==}
    engines: {node: '>=12'}
    cpu: [loong64]
    os: [linux]
    requiresBuild: true
    dev: true
    optional: true

  /@esbuild/linux-mips64el@0.20.2:
    resolution: {integrity: sha512-4BlTqeutE/KnOiTG5Y6Sb/Hw6hsBOZapOVF6njAESHInhlQAghVVZL1ZpIctBOoTFbQyGW+LsVYZ8lSSB3wkjA==}
    engines: {node: '>=12'}
    cpu: [mips64el]
    os: [linux]
    requiresBuild: true
    dev: true
    optional: true

  /@esbuild/linux-ppc64@0.20.2:
    resolution: {integrity: sha512-rD3KsaDprDcfajSKdn25ooz5J5/fWBylaaXkuotBDGnMnDP1Uv5DLAN/45qfnf3JDYyJv/ytGHQaziHUdyzaAg==}
    engines: {node: '>=12'}
    cpu: [ppc64]
    os: [linux]
    requiresBuild: true
    dev: true
    optional: true

  /@esbuild/linux-riscv64@0.20.2:
    resolution: {integrity: sha512-snwmBKacKmwTMmhLlz/3aH1Q9T8v45bKYGE3j26TsaOVtjIag4wLfWSiZykXzXuE1kbCE+zJRmwp+ZbIHinnVg==}
    engines: {node: '>=12'}
    cpu: [riscv64]
    os: [linux]
    requiresBuild: true
    dev: true
    optional: true

  /@esbuild/linux-s390x@0.20.2:
    resolution: {integrity: sha512-wcWISOobRWNm3cezm5HOZcYz1sKoHLd8VL1dl309DiixxVFoFe/o8HnwuIwn6sXre88Nwj+VwZUvJf4AFxkyrQ==}
    engines: {node: '>=12'}
    cpu: [s390x]
    os: [linux]
    requiresBuild: true
    dev: true
    optional: true

  /@esbuild/linux-x64@0.20.2:
    resolution: {integrity: sha512-1MdwI6OOTsfQfek8sLwgyjOXAu+wKhLEoaOLTjbijk6E2WONYpH9ZU2mNtR+lZ2B4uwr+usqGuVfFT9tMtGvGw==}
    engines: {node: '>=12'}
    cpu: [x64]
    os: [linux]
    requiresBuild: true
    dev: true
    optional: true

  /@esbuild/netbsd-x64@0.20.2:
    resolution: {integrity: sha512-K8/DhBxcVQkzYc43yJXDSyjlFeHQJBiowJ0uVL6Tor3jGQfSGHNNJcWxNbOI8v5k82prYqzPuwkzHt3J1T1iZQ==}
    engines: {node: '>=12'}
    cpu: [x64]
    os: [netbsd]
    requiresBuild: true
    dev: true
    optional: true

  /@esbuild/openbsd-x64@0.20.2:
    resolution: {integrity: sha512-eMpKlV0SThJmmJgiVyN9jTPJ2VBPquf6Kt/nAoo6DgHAoN57K15ZghiHaMvqjCye/uU4X5u3YSMgVBI1h3vKrQ==}
    engines: {node: '>=12'}
    cpu: [x64]
    os: [openbsd]
    requiresBuild: true
    dev: true
    optional: true

  /@esbuild/sunos-x64@0.20.2:
    resolution: {integrity: sha512-2UyFtRC6cXLyejf/YEld4Hajo7UHILetzE1vsRcGL3earZEW77JxrFjH4Ez2qaTiEfMgAXxfAZCm1fvM/G/o8w==}
    engines: {node: '>=12'}
    cpu: [x64]
    os: [sunos]
    requiresBuild: true
    dev: true
    optional: true

  /@esbuild/win32-arm64@0.20.2:
    resolution: {integrity: sha512-GRibxoawM9ZCnDxnP3usoUDO9vUkpAxIIZ6GQI+IlVmr5kP3zUq+l17xELTHMWTWzjxa2guPNyrpq1GWmPvcGQ==}
    engines: {node: '>=12'}
    cpu: [arm64]
    os: [win32]
    requiresBuild: true
    dev: true
    optional: true

  /@esbuild/win32-ia32@0.20.2:
    resolution: {integrity: sha512-HfLOfn9YWmkSKRQqovpnITazdtquEW8/SoHW7pWpuEeguaZI4QnCRW6b+oZTztdBnZOS2hqJ6im/D5cPzBTTlQ==}
    engines: {node: '>=12'}
    cpu: [ia32]
    os: [win32]
    requiresBuild: true
    dev: true
    optional: true

  /@esbuild/win32-x64@0.20.2:
    resolution: {integrity: sha512-N49X4lJX27+l9jbLKSqZ6bKNjzQvHaT8IIFUy+YIqmXQdjYCToGWwOItDrfby14c78aDd5NHQl29xingXfCdLQ==}
    engines: {node: '>=12'}
    cpu: [x64]
    os: [win32]
    requiresBuild: true
    dev: true
    optional: true

  /@eyeshare/flex-framework@0.2.1-ci.47(@eyeshare/shared@0.2.0-ci.444)(@roenlie/reflect-metadata@1.0.3)(@vaadin/router@1.7.5)(deepmerge-ts@5.1.0)(fast-equals@5.0.1)(inversify@6.0.2)(lit@3.1.3)(tslib@2.6.2):
    resolution: {integrity: sha1-RinGy4vv03pl6qXq5SjKO60NscU=}
    engines: {node: '>=20.10.0'}
    peerDependencies:
      '@eyeshare/shared': '*'
      '@roenlie/reflect-metadata': '*'
      '@vaadin/router': '*'
      deepmerge-ts: '*'
      fast-equals: '*'
      inversify: '*'
      lit: '*'
      tslib: '*'
    dependencies:
      '@eyeshare/shared': 0.2.0-ci.444
      '@roenlie/reflect-metadata': 1.0.3
      '@vaadin/router': 1.7.5
      deepmerge-ts: 5.1.0
      fast-equals: 5.0.1
      inversify: 6.0.2
      lit: 3.1.3
      tslib: 2.6.2
    dev: false

  /@eyeshare/icons@0.0.5:
    resolution: {integrity: sha1-NbpB3Ub28x7h/UeqRRlzyoxdoAA=}
    engines: {node: '>=18.15.0'}
    dev: false

  /@eyeshare/shared@0.2.0-ci.444:
    resolution: {integrity: sha1-q0UYM7SmDFGipIQTolHYxZr+sKw=}
    engines: {node: '>=20.10.0'}
    dependencies:
      '@lukeed/uuid': 2.0.1
      deepmerge-ts: 5.1.0
      fast-equals: 5.0.1
      nanoid: 5.0.7
      temporal-polyfill: 0.2.4
      ts-toolbelt: 9.6.0
      tslib: 2.6.2
      type-fest: 4.17.0
    dev: false

  /@eyeshare/tsconfig@0.1.1-ci.8:
    resolution: {integrity: sha1-zthPJeylHa9W/w7jACZJbS+6GrM=}
    engines: {node: '>=14'}
    dev: true

  /@eyeshare/web-components@0.1.1-ci.1248(@eyeshare/shared@0.2.0-ci.444)(@loken/hierarchies@0.6.2)(@loken/utilities@0.6.1)(@types/markdown-it@14.0.1):
    resolution: {integrity: sha1-bvZiEzsleIa5cFFDwdn0/GZlmrA=}
    engines: {node: '>=20.10.0'}
    peerDependencies:
      '@eyeshare/shared': '*'
      '@loken/hierarchies': '*'
      '@loken/utilities': '*'
    dependencies:
      '@eyeshare/icons': 0.0.5
      '@eyeshare/shared': 0.2.0-ci.444
      '@floating-ui/core': 1.6.1
      '@floating-ui/dom': 1.6.4
      '@lit-labs/observers': 2.0.2
      '@lit-labs/preact-signals': 1.0.2
      '@loken/hierarchies': 0.6.2
      '@loken/utilities': 0.6.1
      '@sindresorhus/slugify': 2.2.1
      color: 4.2.3
      deepmerge-ts: 5.1.0
      fast-equals: 5.0.1
      highlight.js: 11.9.0
      lit: 3.1.3
      markdown-it: 14.1.0
      markdown-it-anchor: 8.6.7(@types/markdown-it@14.0.1)(markdown-it@14.1.0)
      nanoid: 5.0.7
      qr-creator: 1.0.0
      tabbable: 6.2.0
      temporal-polyfill: 0.2.4
      ts-pattern: 5.1.1
      ts-toolbelt: 9.6.0
      tslib: 2.6.2
      type-fest: 4.17.0
    transitivePeerDependencies:
      - '@types/markdown-it'
    dev: false

  /@floating-ui/core@1.6.1:
    resolution: {integrity: sha512-42UH54oPZHPdRHdw6BgoBD6cg/eVTmVrFcgeRDM3jbO7uxSoipVcmcIGFcA5jmOHO5apcyvBhkSKES3fQJnu7A==}
    dependencies:
      '@floating-ui/utils': 0.2.2
    dev: false

  /@floating-ui/dom@1.6.4:
    resolution: {integrity: sha512-0G8R+zOvQsAG1pg2Q99P21jiqxqGBW1iRe/iXHsBRBxnpXKFI8QwbB4x5KmYLggNO5m34IQgOIu9SCRfR/WWiQ==}
    dependencies:
      '@floating-ui/core': 1.6.1
      '@floating-ui/utils': 0.2.2
    dev: false

  /@floating-ui/utils@0.2.2:
    resolution: {integrity: sha512-J4yDIIthosAsRZ5CPYP/jQvUAQtlZTTD/4suA08/FEnlxqW3sKS9iAhgsa9VYLZ6vDHn/ixJgIqRQPotoBjxIw==}
    dev: false

  /@lit-labs/observers@2.0.2:
    resolution: {integrity: sha512-eZb5+W9Cb0e/Y5m1DNxBSGTvGB2TAVTGMnTxL/IzFhPQEcZIAHewW1eVBhN8W07A5tirRaAmmF6fGL1V20p3gQ==}
    dependencies:
      '@lit/reactive-element': 2.0.4
    dev: false

  /@lit-labs/preact-signals@1.0.2:
    resolution: {integrity: sha512-HFgIhqLB5IiNbvJxEN3+o6n9x/fNZo7pqfElG56NHrOFBsIFW7wswbp6hHeoGzATQDOB2ZmrH/VrRGYdcgl29g==}
    dependencies:
      '@preact/signals-core': 1.6.0
      lit: 3.1.3
    dev: false

  /@lit-labs/ssr-dom-shim@1.2.0:
    resolution: {integrity: sha512-yWJKmpGE6lUURKAaIltoPIE/wrbY3TEkqQt+X0m+7fQNnAv0keydnYvbiJFP1PnMhizmIWRWOG5KLhYyc/xl+g==}
    dev: false

  /@lit/reactive-element@2.0.4:
    resolution: {integrity: sha512-GFn91inaUa2oHLak8awSIigYz0cU0Payr1rcFsrkf5OJ5eSPxElyZfKh0f2p9FsTiZWXQdWGJeXZICEfXXYSXQ==}
    dependencies:
      '@lit-labs/ssr-dom-shim': 1.2.0
    dev: false

  /@loken/hierarchies@0.6.2:
    resolution: {integrity: sha512-lS8fFxaXO4+VqAkOKmTy4dvpqL6c0zqlnMaQLP8vhWi81tobkPHRPoPHTMCfFw9XCm6yDmpxbKnQWIVWB2GnMA==}
    engines: {node: '>=18.15.0'}
    dependencies:
      '@loken/utilities': 0.6.1
      tslib: 2.6.2
    dev: false

  /@loken/utilities@0.6.1:
    resolution: {integrity: sha512-WtNBcghG7xjrua+Uadu9g4dWkwEXBDxCvKvb1taHGOpCX3L5+vAc6F1aeGsGzt87WXZQIQes6lQMtqp99sXzSw==}
    engines: {node: '>=18.15.0'}
    dependencies:
      tslib: 2.6.2
    dev: false

  /@lukeed/csprng@1.1.0:
    resolution: {integrity: sha512-Z7C/xXCiGWsg0KuKsHTKJxbWhpI3Vs5GwLfOean7MGyVFGqdRgBbAjOCh6u4bbjPc/8MJ2pZmK/0DLdCbivLDA==}
    engines: {node: '>=8'}
    dev: false

  /@lukeed/uuid@2.0.1:
    resolution: {integrity: sha512-qC72D4+CDdjGqJvkFMMEAtancHUQ7/d/tAiHf64z8MopFDmcrtbcJuerDtFceuAfQJ2pDSfCKCtbqoGBNnwg0w==}
    engines: {node: '>=8'}
    dependencies:
      '@lukeed/csprng': 1.1.0
    dev: false

  /@mongodb-js/saslprep@1.1.5:
    resolution: {integrity: sha512-XLNOMH66KhJzUJNwT/qlMnS4WsNDWD5ASdyaSH3EtK+F4r/CFGa3jT4GNi4mfOitGvWXtdLgQJkQjxSVrio+jA==}
    dependencies:
      sparse-bitfield: 3.0.3
    dev: false

  /@preact/signals-core@1.6.0:
    resolution: {integrity: sha512-O/XGxwP85h1F7+ouqTMOIZ3+V1whfaV9ToIVcuyGriD4JkSD00cQo54BKdqjvBJxbenvp7ynfqRHEwI6e+NIhw==}
    dev: false

  /@roenlie/reflect-metadata@1.0.3:
    resolution: {integrity: sha512-XffzrOocXqrAIp6rLpG7fOiGYhD2CmhuayeghHO5qBdykAbSJZHVVhQV/akr98cps+nxJaP5ldvMhMN6kBwFog==}
    dev: false

  /@rollup/rollup-android-arm-eabi@4.17.0:
    resolution: {integrity: sha512-nNvLvC2fjC+3+bHYN9uaGF3gcyy7RHGZhtl8TB/kINj9hiOQza8kWJGZh47GRPMrqeseO8U+Z8ElDMCZlWBdHA==}
    cpu: [arm]
    os: [android]
    requiresBuild: true
    dev: true
    optional: true

  /@rollup/rollup-android-arm64@4.17.0:
    resolution: {integrity: sha512-+kjt6dvxnyTIAo7oHeYseYhDyZ7xRKTNl/FoQI96PHkJVxoChldJnne/LzYqpqidoK1/0kX0/q+5rrYqjpth6w==}
    cpu: [arm64]
    os: [android]
    requiresBuild: true
    dev: true
    optional: true

  /@rollup/rollup-darwin-arm64@4.17.0:
    resolution: {integrity: sha512-Oj6Tp0unMpGTBjvNwbSRv3DopMNLu+mjBzhKTt2zLbDJ/45fB1pltr/rqrO4bE95LzuYwhYn127pop+x/pzf5w==}
    cpu: [arm64]
    os: [darwin]
    requiresBuild: true
    dev: true
    optional: true

  /@rollup/rollup-darwin-x64@4.17.0:
    resolution: {integrity: sha512-3nJx0T+yptxMd+v93rBRxSPTAVCv8szu/fGZDJiKX7kvRe9sENj2ggXjCH/KK1xZEmJOhaNo0c9sGMgGdfkvEw==}
    cpu: [x64]
    os: [darwin]
    requiresBuild: true
    dev: true
    optional: true

  /@rollup/rollup-linux-arm-gnueabihf@4.17.0:
    resolution: {integrity: sha512-Vb2e8p9b2lxxgqyOlBHmp6hJMu/HSU6g//6Tbr7x5V1DlPCHWLOm37nSIVK314f+IHzORyAQSqL7+9tELxX3zQ==}
    cpu: [arm]
    os: [linux]
    requiresBuild: true
    dev: true
    optional: true

  /@rollup/rollup-linux-arm-musleabihf@4.17.0:
    resolution: {integrity: sha512-Md60KsmC5ZIaRq/bYYDloklgU+XLEZwS2EXXVcSpiUw+13/ZASvSWQ/P92rQ9YDCL6EIoXxuQ829JkReqdYbGg==}
    cpu: [arm]
    os: [linux]
    requiresBuild: true
    dev: true
    optional: true

  /@rollup/rollup-linux-arm64-gnu@4.17.0:
    resolution: {integrity: sha512-zL5rBFtJ+2EGnMRm2TqKjdjgFqlotSU+ZJEN37nV+fiD3I6Gy0dUh3jBWN0wSlcXVDEJYW7YBe+/2j0N9unb2w==}
    cpu: [arm64]
    os: [linux]
    requiresBuild: true
    dev: true
    optional: true

  /@rollup/rollup-linux-arm64-musl@4.17.0:
    resolution: {integrity: sha512-s2xAyNkJqUdtRVgNK4NK4P9QttS538JuX/kfVQOdZDI5FIKVAUVdLW7qhGfmaySJ1EvN/Bnj9oPm5go9u8navg==}
    cpu: [arm64]
    os: [linux]
    requiresBuild: true
    dev: true
    optional: true

  /@rollup/rollup-linux-powerpc64le-gnu@4.17.0:
    resolution: {integrity: sha512-7F99yzVT67B7IUNMjLD9QCFDCyHkyCJMS1dywZrGgVFJao4VJ9szrIEgH67cR+bXQgEaY01ur/WSL6B0jtcLyA==}
    cpu: [ppc64]
    os: [linux]
    requiresBuild: true
    dev: true
    optional: true

  /@rollup/rollup-linux-riscv64-gnu@4.17.0:
    resolution: {integrity: sha512-leFtyiXisfa3Sg9pgZJwRKITWnrQfhtqDjCamnZhkZuIsk1FXmYwKoTkp6lsCgimIcneFFkHKp/yGLxDesga4g==}
    cpu: [riscv64]
    os: [linux]
    requiresBuild: true
    dev: true
    optional: true

  /@rollup/rollup-linux-s390x-gnu@4.17.0:
    resolution: {integrity: sha512-FtOgui6qMJ4jbSXTxElsy/60LEe/3U0rXkkz2G5CJ9rbHPAvjMvI+3qF0A0fwLQ5hW+/ZC6PbnS2KfRW9JkgDQ==}
    cpu: [s390x]
    os: [linux]
    requiresBuild: true
    dev: true
    optional: true

  /@rollup/rollup-linux-x64-gnu@4.17.0:
    resolution: {integrity: sha512-v6eiam/1w3HUfU/ZjzIDodencqgrSqzlNuNtiwH7PFJHYSo1ezL0/UIzmS2lpSJF1ORNaplXeKHYmmdt81vV2g==}
    cpu: [x64]
    os: [linux]
    requiresBuild: true
    dev: true
    optional: true

  /@rollup/rollup-linux-x64-musl@4.17.0:
    resolution: {integrity: sha512-OUhkSdpM5ofVlVU2k4CwVubYwiwu1a4jYWPpubzN7Vzao73GoPBowHcCfaRSFRz1SszJ3HIsk3dZYk4kzbqjgw==}
    cpu: [x64]
    os: [linux]
    requiresBuild: true
    dev: true
    optional: true

  /@rollup/rollup-win32-arm64-msvc@4.17.0:
    resolution: {integrity: sha512-uL7UYO/MNJPGL/yflybI+HI+n6+4vlfZmQZOCb4I+z/zy1wisHT3exh7oNQsnL6Eso0EUTEfgQ/PaGzzXf6XyQ==}
    cpu: [arm64]
    os: [win32]
    requiresBuild: true
    dev: true
    optional: true

  /@rollup/rollup-win32-ia32-msvc@4.17.0:
    resolution: {integrity: sha512-4WnSgaUiUmXILwFqREdOcqvSj6GD/7FrvSjhaDjmwakX9w4Z2F8JwiSP1AZZbuRkPqzi444UI5FPv33VKOWYFQ==}
    cpu: [ia32]
    os: [win32]
    requiresBuild: true
    dev: true
    optional: true

  /@rollup/rollup-win32-x64-msvc@4.17.0:
    resolution: {integrity: sha512-ve+D8t1prRSRnF2S3pyDtTXDlvW1Pngbz76tjgYFQW1jxVSysmQCZfPoDAo4WP+Ano8zeYp85LsArZBI12HfwQ==}
    cpu: [x64]
    os: [win32]
    requiresBuild: true
    dev: true
    optional: true

  /@sindresorhus/slugify@2.2.1:
    resolution: {integrity: sha512-MkngSCRZ8JdSOCHRaYd+D01XhvU3Hjy6MGl06zhOk614hp9EOAp5gIkBeQg7wtmxpitU6eAL4kdiRMcJa2dlrw==}
    engines: {node: '>=12'}
    dependencies:
      '@sindresorhus/transliterate': 1.6.0
      escape-string-regexp: 5.0.0
    dev: false

  /@sindresorhus/transliterate@1.6.0:
    resolution: {integrity: sha512-doH1gimEu3A46VX6aVxpHTeHrytJAG6HgdxntYnCFiIFHEM/ZGpG8KiZGBChchjQmG0XFIBL552kBTjVcMZXwQ==}
    engines: {node: '>=12'}
    dependencies:
      escape-string-regexp: 5.0.0
    dev: false

  /@types/estree@1.0.5:
    resolution: {integrity: sha512-/kYRxGDLWzHOB7q+wtSUQlFrtcdUccpfy+X+9iMBpHK8QLLhx2wIPYuS5DYtR9Wa/YlZAbIovy7qVdB1Aq6Lyw==}
    dev: true

  /@types/linkify-it@3.0.5:
    resolution: {integrity: sha512-yg6E+u0/+Zjva+buc3EIb+29XEg4wltq7cSmd4Uc2EE/1nUVmxyzpX6gUXD0V8jIrG0r7YeOGVIbYRkxeooCtw==}
    dev: false

  /@types/markdown-it@14.0.1:
    resolution: {integrity: sha512-6WfOG3jXR78DW8L5cTYCVVGAsIFZskRHCDo5tbqa+qtKVt4oDRVH7hyIWu1SpDQJlmIoEivNQZ5h+AGAOrgOtQ==}
    dependencies:
      '@types/linkify-it': 3.0.5
      '@types/mdurl': 1.0.5
    dev: false

  /@types/mdurl@1.0.5:
    resolution: {integrity: sha512-6L6VymKTzYSrEf4Nev4Xa1LCHKrlTlYCBMTlQKFuddo1CvQcE52I0mwfOJayueUC7MJuXOeHTcIU683lzd0cUA==}
    dev: false

  /@types/trusted-types@2.0.7:
    resolution: {integrity: sha512-ScaPdn1dQczgbl0QFTeTOmVHFULt394XJgOQNoyVhZ6r2vLnMLJfBPd53SB52T/3G36VI1/g2MZaX0cwDuXsfw==}
    dev: false

  /@types/webidl-conversions@7.0.3:
    resolution: {integrity: sha512-CiJJvcRtIgzadHCYXw7dqEnMNRjhGZlYK05Mj9OyktqV8uVT8fD2BFOB7S1uwBE3Kj2Z+4UyPmFw/Ixgw/LAlA==}
    dev: false

  /@types/whatwg-url@11.0.4:
    resolution: {integrity: sha512-lXCmTWSHJvf0TRSO58nm978b8HJ/EdsSsEKLd3ODHFjo+3VGAyyTp4v50nWvwtzBxSMQrVOK7tcuN0zGPLICMw==}
    dependencies:
      '@types/webidl-conversions': 7.0.3
    dev: false

  /@vaadin/router@1.7.5:
    resolution: {integrity: sha512-uRN3vd1ihgd596bF/NMZqpgxau0nlvIc0/JDd1EwStFNbZID/xIVse5LXdQhIyUKLmSl4T0GeCQK505xerWX0w==}
    dependencies:
      '@vaadin/vaadin-usage-statistics': 2.1.2
      path-to-regexp: 2.4.0
    dev: false

  /@vaadin/vaadin-development-mode-detector@2.0.6:
    resolution: {integrity: sha512-N6a5nLT/ytEUlpPo+nvdCKIGoyNjPsj3rzPGvGYK8x9Ceg76OTe1xI/GtN71mRW9e2HUScR0kCNOkl1Z63YDjw==}
    dev: false

  /@vaadin/vaadin-usage-statistics@2.1.2:
    resolution: {integrity: sha512-xKs1PvRfTXsG0eWWcImLXWjv7D+f1vfoIvovppv6pZ5QX8xgcxWUdNgERlOOdGt3CTuxQXukTBW3+Qfva+OXSg==}
    engines: {node: ^12.20.0 || ^14.13.1 || >=16.0.0}
    requiresBuild: true
    dependencies:
      '@vaadin/vaadin-development-mode-detector': 2.0.6
    dev: false

  /argparse@2.0.1:
    resolution: {integrity: sha512-8+9WqebbFzpX9OR+Wa6O29asIogeRMzcGtAINdpMHHyAg10f05aSFVBbcEqGf/PXw1EjAZ+q2/bEBg3DvurK3Q==}
    dev: false

  /bson@6.6.0:
    resolution: {integrity: sha512-BVINv2SgcMjL4oYbBuCQTpE3/VKOSxrOA8Cj/wQP7izSzlBGVomdm+TcUd0Pzy0ytLSSDweCKQ6X3f5veM5LQA==}
    engines: {node: '>=16.20.1'}
    dev: false

  /color-convert@2.0.1:
    resolution: {integrity: sha512-RRECPsj7iu/xb5oKYcsFHSppFNnsj/52OVTRKb4zP5onXwVF3zVmmToNcOfGC+CRDpfK/U584fMg38ZHCaElKQ==}
    engines: {node: '>=7.0.0'}
    dependencies:
      color-name: 1.1.4
    dev: false

  /color-name@1.1.4:
    resolution: {integrity: sha512-dOy+3AuW3a2wNbZHIuMZpTcgjGuLU/uBL/ubcZF9OXbDo8ff4O8yVp5Bf0efS8uEoYo5q4Fx7dY9OgQGXgAsQA==}
    dev: false

  /color-string@1.9.1:
    resolution: {integrity: sha512-shrVawQFojnZv6xM40anx4CkoDP+fZsw/ZerEMsW/pyzsRbElpsL/DBVW7q3ExxwusdNXI3lXpuhEZkzs8p5Eg==}
    dependencies:
      color-name: 1.1.4
      simple-swizzle: 0.2.2
    dev: false

  /color@4.2.3:
    resolution: {integrity: sha512-1rXeuUUiGGrykh+CeBdu5Ie7OJwinCgQY0bc7GCRxy5xVHy+moaqkpL/jqQq0MtQOeYcrqEz4abc5f0KtU7W4A==}
    engines: {node: '>=12.5.0'}
    dependencies:
      color-convert: 2.0.1
      color-string: 1.9.1
    dev: false

  /deepmerge-ts@5.1.0:
    resolution: {integrity: sha512-eS8dRJOckyo9maw9Tu5O5RUi/4inFLrnoLkBe3cPfDMx3WZioXtmOew4TXQaxq7Rhl4xjDtR7c6x8nNTxOvbFw==}
    engines: {node: '>=16.0.0'}
    dev: false

  /entities@4.5.0:
    resolution: {integrity: sha512-V0hjH4dGPh9Ao5p0MoRY6BVqtwCjhz6vI5LT8AJ55H+4g9/4vbHx1I54fS0XuclLhDHArPQCiMjDxjaL8fPxhw==}
    engines: {node: '>=0.12'}
    dev: false

  /esbuild@0.20.2:
    resolution: {integrity: sha512-WdOOppmUNU+IbZ0PaDiTst80zjnrOkyJNHoKupIcVyU8Lvla3Ugx94VzkQ32Ijqd7UhHJy75gNWDMUekcrSJ6g==}
    engines: {node: '>=12'}
    hasBin: true
    requiresBuild: true
    optionalDependencies:
      '@esbuild/aix-ppc64': 0.20.2
      '@esbuild/android-arm': 0.20.2
      '@esbuild/android-arm64': 0.20.2
      '@esbuild/android-x64': 0.20.2
      '@esbuild/darwin-arm64': 0.20.2
      '@esbuild/darwin-x64': 0.20.2
      '@esbuild/freebsd-arm64': 0.20.2
      '@esbuild/freebsd-x64': 0.20.2
      '@esbuild/linux-arm': 0.20.2
      '@esbuild/linux-arm64': 0.20.2
      '@esbuild/linux-ia32': 0.20.2
      '@esbuild/linux-loong64': 0.20.2
      '@esbuild/linux-mips64el': 0.20.2
      '@esbuild/linux-ppc64': 0.20.2
      '@esbuild/linux-riscv64': 0.20.2
      '@esbuild/linux-s390x': 0.20.2
      '@esbuild/linux-x64': 0.20.2
      '@esbuild/netbsd-x64': 0.20.2
      '@esbuild/openbsd-x64': 0.20.2
      '@esbuild/sunos-x64': 0.20.2
      '@esbuild/win32-arm64': 0.20.2
      '@esbuild/win32-ia32': 0.20.2
      '@esbuild/win32-x64': 0.20.2
    dev: true

  /escape-string-regexp@5.0.0:
    resolution: {integrity: sha512-/veY75JbMK4j1yjvuUxuVsiS/hr/4iHs9FTT6cgTexxdE0Ly/glccBAkloH/DofkjRbZU3bnoj38mOmhkZ0lHw==}
    engines: {node: '>=12'}
    dev: false

  /fast-equals@5.0.1:
    resolution: {integrity: sha512-WF1Wi8PwwSY7/6Kx0vKXtw8RwuSGoM1bvDaJbu7MxDlR1vovZjIAKrnzyrThgAjm6JDTu0fVgWXDlMGspodfoQ==}
    engines: {node: '>=6.0.0'}
    dev: false

  /fsevents@2.3.3:
    resolution: {integrity: sha512-5xoDfX+fL7faATnagmWPpbFtwh/R77WmMMqqHGS65C3vvB0YHrgF+B1YmZ3441tMj5n63k0212XNoJwzlhffQw==}
    engines: {node: ^8.16.0 || ^10.6.0 || >=11.0.0}
    os: [darwin]
    requiresBuild: true
    dev: true
    optional: true

  /highlight.js@11.9.0:
    resolution: {integrity: sha512-fJ7cW7fQGCYAkgv4CPfwFHrfd/cLS4Hau96JuJ+ZTOWhjnhoeN1ub1tFmALm/+lW5z4WCAuAV9bm05AP0mS6Gw==}
    engines: {node: '>=12.0.0'}
    dev: false

  /inversify@6.0.2:
    resolution: {integrity: sha512-i9m8j/7YIv4mDuYXUAcrpKPSaju/CIly9AHK5jvCBeoiM/2KEsuCQTTP+rzSWWpLYWRukdXFSl6ZTk2/uumbiA==}
    dev: false

  /is-arrayish@0.3.2:
    resolution: {integrity: sha512-eVRqCvVlZbuw3GrM63ovNSNAeA1K16kaR/LRY/92w0zxQ5/1YzwblUX652i4Xs9RwAGjW9d9y6X88t8OaAJfWQ==}
    dev: false

  /linkify-it@5.0.0:
    resolution: {integrity: sha512-5aHCbzQRADcdP+ATqnDuhhJ/MRIqDkZX5pyjFHRRysS8vZ5AbqGEoFIb6pYHPZ+L/OC2Lc+xT8uHVVR5CAK/wQ==}
    dependencies:
      uc.micro: 2.1.0
    dev: false

  /lit-element@4.0.5:
    resolution: {integrity: sha512-iTWskWZEtn9SyEf4aBG6rKT8GABZMrTWop1+jopsEOgEcugcXJGKuX5bEbkq9qfzY+XB4MAgCaSPwnNpdsNQ3Q==}
    dependencies:
      '@lit-labs/ssr-dom-shim': 1.2.0
      '@lit/reactive-element': 2.0.4
      lit-html: 3.1.3
    dev: false

  /lit-html@3.1.3:
    resolution: {integrity: sha512-FwIbqDD8O/8lM4vUZ4KvQZjPPNx7V1VhT7vmRB8RBAO0AU6wuTVdoXiu2CivVjEGdugvcbPNBLtPE1y0ifplHA==}
    dependencies:
      '@types/trusted-types': 2.0.7
    dev: false

  /lit@3.1.3:
    resolution: {integrity: sha512-l4slfspEsnCcHVRTvaP7YnkTZEZggNFywLEIhQaGhYDczG+tu/vlgm/KaWIEjIp+ZyV20r2JnZctMb8LeLCG7Q==}
    dependencies:
      '@lit/reactive-element': 2.0.4
      lit-element: 4.0.5
      lit-html: 3.1.3
    dev: false

  /markdown-it-anchor@8.6.7(@types/markdown-it@14.0.1)(markdown-it@14.1.0):
    resolution: {integrity: sha512-FlCHFwNnutLgVTflOYHPW2pPcl2AACqVzExlkGQNsi4CJgqOHN7YTgDd4LuhgN1BFO3TS0vLAruV1Td6dwWPJA==}
    peerDependencies:
      '@types/markdown-it': '*'
      markdown-it: '*'
    dependencies:
      '@types/markdown-it': 14.0.1
      markdown-it: 14.1.0
    dev: false

  /markdown-it@14.1.0:
    resolution: {integrity: sha512-a54IwgWPaeBCAAsv13YgmALOF1elABB08FxO9i+r4VFk5Vl4pKokRPeX8u5TCgSsPi6ec1otfLjdOpVcgbpshg==}
    hasBin: true
    dependencies:
      argparse: 2.0.1
      entities: 4.5.0
      linkify-it: 5.0.0
      mdurl: 2.0.0
      punycode.js: 2.3.1
      uc.micro: 2.1.0
    dev: false

  /mdurl@2.0.0:
    resolution: {integrity: sha512-Lf+9+2r+Tdp5wXDXC4PcIBjTDtq4UKjCPMQhKIuzpJNW0b96kVqSwW0bT7FhRSfmAiFYgP+SCRvdrDozfh0U5w==}
    dev: false

  /memory-pager@1.5.0:
    resolution: {integrity: sha512-ZS4Bp4r/Zoeq6+NLJpP+0Zzm0pR8whtGPf1XExKLJBAczGMnSi3It14OiNCStjQjM6NU1okjQGSxgEZN8eBYKg==}
    dev: false

  /mongodb-connection-string-url@3.0.0:
    resolution: {integrity: sha512-t1Vf+m1I5hC2M5RJx/7AtxgABy1cZmIPQRMXw+gEIPn/cZNF3Oiy+l0UIypUwVB5trcWHq3crg2g3uAR9aAwsQ==}
    dependencies:
      '@types/whatwg-url': 11.0.4
      whatwg-url: 13.0.0
    dev: false

  /mongodb@6.5.0:
    resolution: {integrity: sha512-Fozq68InT+JKABGLqctgtb8P56pRrJFkbhW0ux+x1mdHeyinor8oNzJqwLjV/t5X5nJGfTlluxfyMnOXNggIUA==}
    engines: {node: '>=16.20.1'}
    peerDependencies:
      '@aws-sdk/credential-providers': ^3.188.0
      '@mongodb-js/zstd': ^1.1.0
      gcp-metadata: ^5.2.0
      kerberos: ^2.0.1
      mongodb-client-encryption: '>=6.0.0 <7'
      snappy: ^7.2.2
      socks: ^2.7.1
    peerDependenciesMeta:
      '@aws-sdk/credential-providers':
        optional: true
      '@mongodb-js/zstd':
        optional: true
      gcp-metadata:
        optional: true
      kerberos:
        optional: true
      mongodb-client-encryption:
        optional: true
      snappy:
        optional: true
      socks:
        optional: true
    dependencies:
      '@mongodb-js/saslprep': 1.1.5
      bson: 6.6.0
      mongodb-connection-string-url: 3.0.0
    dev: false

  /nanoid@3.3.7:
    resolution: {integrity: sha512-eSRppjcPIatRIMC1U6UngP8XFcz8MQWGQdt1MTBQ7NaAmvXDfvNxbvWV3x2y6CdEUciCSsDHDQZbhYaB8QEo2g==}
    engines: {node: ^10 || ^12 || ^13.7 || ^14 || >=15.0.1}
    hasBin: true
    dev: true

  /nanoid@5.0.7:
    resolution: {integrity: sha512-oLxFY2gd2IqnjcYyOXD8XGCftpGtZP2AbHbOkthDkvRywH5ayNtPVy9YlOPcHckXzbLTCHpkb7FB+yuxKV13pQ==}
    engines: {node: ^18 || >=20}
    hasBin: true
    dev: false

  /path-to-regexp@2.4.0:
    resolution: {integrity: sha512-G6zHoVqC6GGTQkZwF4lkuEyMbVOjoBKAEybQUypI1WTkqinCOrq2x6U2+phkJ1XsEMTy4LjtwPI7HW+NVrRR2w==}
    dev: false

  /picocolors@1.0.0:
    resolution: {integrity: sha512-1fygroTLlHu66zi26VoTDv8yRgm0Fccecssto+MhsZ0D/DGW2sm8E8AjW7NU5VVTRt5GxbeZ5qBuJr+HyLYkjQ==}
    dev: true

  /postcss@8.4.38:
    resolution: {integrity: sha512-Wglpdk03BSfXkHoQa3b/oulrotAkwrlLDRSOb9D0bN86FdRyE9lppSp33aHNPgBa0JKCoB+drFLZkQoRRYae5A==}
    engines: {node: ^10 || ^12 || >=14}
    dependencies:
      nanoid: 3.3.7
      picocolors: 1.0.0
      source-map-js: 1.2.0
    dev: true

  /punycode.js@2.3.1:
    resolution: {integrity: sha512-uxFIHU0YlHYhDQtV4R9J6a52SLx28BCjT+4ieh7IGbgwVJWO+km431c4yRlREUAsAmt/uMjQUyQHNEPf0M39CA==}
    engines: {node: '>=6'}
    dev: false

  /punycode@2.3.1:
    resolution: {integrity: sha512-vYt7UD1U9Wg6138shLtLOvdAu+8DsC/ilFtEVHcH+wydcSpNE20AfSOduf6MkRFahL5FY7X1oU7nKVZFtfq8Fg==}
    engines: {node: '>=6'}
    dev: false

  /qr-creator@1.0.0:
    resolution: {integrity: sha512-C0cqfbS1P5hfqN4NhsYsUXePlk9BO+a45bAQ3xLYjBL3bOIFzoVEjs79Fado9u9BPBD3buHi3+vY+C8tHh4qMQ==}
    dev: false

  /reflect-metadata@0.2.2:
    resolution: {integrity: sha512-urBwgfrvVP/eAyXx4hluJivBKzuEbSQs9rKWCrCkbSxNv8mxPcUZKeuoF3Uy4mJl3Lwprp6yy5/39VWigZ4K6Q==}
    dev: false

  /rollup@4.17.0:
    resolution: {integrity: sha512-wZJSn0WMtWrxhYKQRt5Z6GIXlziOoMDFmbHmRfL3v+sBTAshx2DBq1AfMArB7eIjF63r4ocn2ZTAyUptg/7kmQ==}
    engines: {node: '>=18.0.0', npm: '>=8.0.0'}
    hasBin: true
    dependencies:
      '@types/estree': 1.0.5
    optionalDependencies:
      '@rollup/rollup-android-arm-eabi': 4.17.0
      '@rollup/rollup-android-arm64': 4.17.0
      '@rollup/rollup-darwin-arm64': 4.17.0
      '@rollup/rollup-darwin-x64': 4.17.0
      '@rollup/rollup-linux-arm-gnueabihf': 4.17.0
      '@rollup/rollup-linux-arm-musleabihf': 4.17.0
      '@rollup/rollup-linux-arm64-gnu': 4.17.0
      '@rollup/rollup-linux-arm64-musl': 4.17.0
      '@rollup/rollup-linux-powerpc64le-gnu': 4.17.0
      '@rollup/rollup-linux-riscv64-gnu': 4.17.0
      '@rollup/rollup-linux-s390x-gnu': 4.17.0
      '@rollup/rollup-linux-x64-gnu': 4.17.0
      '@rollup/rollup-linux-x64-musl': 4.17.0
      '@rollup/rollup-win32-arm64-msvc': 4.17.0
      '@rollup/rollup-win32-ia32-msvc': 4.17.0
      '@rollup/rollup-win32-x64-msvc': 4.17.0
      fsevents: 2.3.3
    dev: true

  /simple-swizzle@0.2.2:
    resolution: {integrity: sha512-JA//kQgZtbuY83m+xT+tXJkmJncGMTFT+C+g2h2R9uxkYIrE2yy9sgmcLhCnw57/WSD+Eh3J97FPEDFnbXnDUg==}
    dependencies:
      is-arrayish: 0.3.2
    dev: false

  /source-map-js@1.2.0:
    resolution: {integrity: sha512-itJW8lvSA0TXEphiRoawsCksnlf8SyvmFzIhltqAHluXd88pkCd+cXJVHTDwdCr0IzwptSm035IHQktUu1QUMg==}
    engines: {node: '>=0.10.0'}
    dev: true

  /sparse-bitfield@3.0.3:
    resolution: {integrity: sha512-kvzhi7vqKTfkh0PZU+2D2PIllw2ymqJKujUcyPMd9Y75Nv4nPbGJZXNhxsgdQab2BmlDct1YnfQCguEvHr7VsQ==}
    dependencies:
      memory-pager: 1.5.0
    dev: false

  /tabbable@6.2.0:
    resolution: {integrity: sha512-Cat63mxsVJlzYvN51JmVXIgNoUokrIaT2zLclCXjRd8boZ0004U4KCs/sToJ75C6sdlByWxpYnb5Boif1VSFew==}
    dev: false

  /temporal-polyfill@0.2.4:
    resolution: {integrity: sha512-WA5p0CjQTkMjF9m8sP4wSYgpqI8m2d4q7wPUyaJOWhy4bI9mReLb2yGvTV4qf/DPMTe6H6M/Dig5KmTMB7ev6Q==}
    dependencies:
      temporal-spec: 0.2.4
    dev: false

  /temporal-spec@0.2.4:
    resolution: {integrity: sha512-lDMFv4nKQrSjlkHKAlHVqKrBG4DyFfa9F74cmBZ3Iy3ed8yvWnlWSIdi4IKfSqwmazAohBNwiN64qGx4y5Q3IQ==}
    dev: false

  /tr46@4.1.1:
    resolution: {integrity: sha512-2lv/66T7e5yNyhAAC4NaKe5nVavzuGJQVVtRYLyQ2OI8tsJ61PMLlelehb0wi2Hx6+hT/OJUWZcw8MjlSRnxvw==}
    engines: {node: '>=14'}
    dependencies:
      punycode: 2.3.1
    dev: false

  /ts-pattern@5.1.1:
    resolution: {integrity: sha512-i+owkHr5RYdQxj8olUgRrqpiWH9x27PuWVfXwDmJ/n/CoF/SAa7WW1i2oUpPDMQpJ4U+bGRUcZkVq7i1m3zFCg==}
    dev: false

  /ts-toolbelt@9.6.0:
    resolution: {integrity: sha512-nsZd8ZeNUzukXPlJmTBwUAuABDe/9qtVDelJeT/qW0ow3ZS3BsQJtNkan1802aM9Uf68/Y8ljw86Hu0h5IUW3w==}
    dev: false

  /tslib@2.6.2:
    resolution: {integrity: sha512-AEYxH93jGFPn/a2iVAwW87VuUIkR1FVUKB77NwMF7nBTDkDrrT/Hpt/IrCJ0QXhW27jTBDcf5ZY7w6RiqTMw2Q==}
    dev: false

  /type-fest@4.17.0:
    resolution: {integrity: sha512-9flrz1zkfLRH3jO3bLflmTxryzKMxVa7841VeMgBaNQGY6vH4RCcpN/sQLB7mQQYh1GZ5utT2deypMuCy4yicw==}
    engines: {node: '>=16'}
    dev: false

  /typescript@5.4.5:
    resolution: {integrity: sha512-vcI4UpRgg81oIRUFwR0WSIHKt11nJ7SAVlYNIu+QpqeyXP+gpQJy/Z4+F0aGxSE4MqwjyXvW/TzgkLAx2AGHwQ==}
    engines: {node: '>=14.17'}
    hasBin: true
    dev: true

  /uc.micro@2.1.0:
    resolution: {integrity: sha512-ARDJmphmdvUk6Glw7y9DQ2bFkKBHwQHLi2lsaH6PPmz/Ka9sFOBsBluozhDltWmnv9u/cF6Rt87znRTPV+yp/A==}
    dev: false

  /vite@5.2.10:
    resolution: {integrity: sha512-PAzgUZbP7msvQvqdSD+ErD5qGnSFiGOoWmV5yAKUEI0kdhjbH6nMWVyZQC/hSc4aXwc0oJ9aEdIiF9Oje0JFCw==}
    engines: {node: ^18.0.0 || >=20.0.0}
    hasBin: true
    peerDependencies:
      '@types/node': ^18.0.0 || >=20.0.0
      less: '*'
      lightningcss: ^1.21.0
      sass: '*'
      stylus: '*'
      sugarss: '*'
      terser: ^5.4.0
    peerDependenciesMeta:
      '@types/node':
        optional: true
      less:
        optional: true
      lightningcss:
        optional: true
      sass:
        optional: true
      stylus:
        optional: true
      sugarss:
        optional: true
      terser:
        optional: true
    dependencies:
      esbuild: 0.20.2
      postcss: 8.4.38
      rollup: 4.17.0
    optionalDependencies:
      fsevents: 2.3.3
    dev: true

  /webidl-conversions@7.0.0:
    resolution: {integrity: sha512-VwddBukDzu71offAQR975unBIGqfKZpM+8ZX6ySk8nYhVoo5CYaZyzt3YBvYtRtO+aoGlqxPg/B87NGVZ/fu6g==}
    engines: {node: '>=12'}
    dev: false

  /whatwg-url@13.0.0:
    resolution: {integrity: sha512-9WWbymnqj57+XEuqADHrCJ2eSXzn8WXIW/YSGaZtb2WKAInQ6CHfaUUcTyyver0p8BDg5StLQq8h1vtZuwmOig==}
    engines: {node: '>=16'}
    dependencies:
      tr46: 4.1.1
      webidl-conversions: 7.0.0
    dev: false
